# THIS IS AN AUTOGENERATED FILE. DO NOT EDIT THIS FILE DIRECTLY.
# yarn lockfile v1


eslint-plugin-custom-rules@0.0.0:
  version "0.0.0"
  resolved "https://registry.yarnpkg.com/eslint-plugin-custom-rules/-/eslint-plugin-custom-rules-0.0.0.tgz#679f793b1251a6c3ea9b6b04c33f653cc2db1581"
  integrity sha512-AWzQCMQK36n/Jv0ClVdVIBo8PZ2CtxQ8zejuVC6eh0vwVeZ3F9SY5ZoNULpu/E06nYN+bZ1EfEudGQPSR3AxZA==
  dependencies:
    jsx-ast-utils "^1.3.5"
    lodash "^4.17.4"
    object-assign "^4.1.0"
    requireindex "~1.1.0"

jsx-ast-utils@^1.3.5:
  version "1.4.1"
  resolved "https://registry.yarnpkg.com/jsx-ast-utils/-/jsx-ast-utils-1.4.1.tgz#3867213e8dd79bf1e8f2300c0cfc1efb182c0df1"
  integrity sha512-0LwSmMlQjjUdXsdlyYhEfBJCn2Chm0zgUBmfmf1++KUULh+JOdlzrZfiwe2zmlVJx44UF+KX/B/odBoeK9hxmw==

lodash@^4.17.4:
  version "4.17.21"
  resolved "https://registry.yarnpkg.com/lodash/-/lodash-4.17.21.tgz#679591c564c3bffaae8454cf0b3df370c3d6911c"
  integrity sha512-v2kDEe57lecTulaDIuNTPy3Ry4gLGJ6Z1O3vE1krgXZNrsQ+LFTGHVxVjcXPs17LhbZVGedAJv8XZ1tvj5FvSg==

object-assign@^4.1.0:
  version "4.1.1"
  resolved "https://registry.yarnpkg.com/object-assign/-/object-assign-4.1.1.tgz#2109adc7965887cfc05cbbd442cac8bfbb360863"
  integrity sha512-rJgTQnkUnH1sFw8yT6VSU3zD3sWmu6sZhIseY8VX+GRu3P6F7Fu+JNDoXfklElbLJSnc3FUQHVe4cU5hj+BcUg==

requireindex@~1.1.0:
  version "1.1.0"
  resolved "https://registry.yarnpkg.com/requireindex/-/requireindex-1.1.0.tgz#e5404b81557ef75db6e49c5a72004893fe03e162"
  integrity sha512-LBnkqsDE7BZKvqylbmn7lTIVdpx4K/QCduRATpO5R+wtPmky/a8pN1bO2D6wXppn1497AJF9mNjqAXr6bdl9jg==
