// !$*UTF8*$!
{
	archiveVersion = 1;
	classes = {
	};
	objectVersion = 46;
	objects = {

/* Begin PBXBuildFile section */
		041ED9A91C634D62B70DD2A0 /* SF-Pro-Rounded-Black.otf in Resources */ = {isa = PBXBuildFile; fileRef = B809485D25CC4982B166E287 /* SF-Pro-Rounded-Black.otf */; };
		13B07FBC1A68108700A75B9A /* AppDelegate.m in Sources */ = {isa = PBXBuildFile; fileRef = 13B07FB01A68108700A75B9A /* AppDelegate.m */; };
		13B07FBD1A68108700A75B9A /* LaunchScreen.xib in Resources */ = {isa = PBXBuildFile; fileRef = 13B07FB11A68108700A75B9A /* LaunchScreen.xib */; };
		13B07FBF1A68108700A75B9A /* Images.xcassets in Resources */ = {isa = PBXBuildFile; fileRef = 13B07FB51A68108700A75B9A /* Images.xcassets */; };
		13B07FC11A68108700A75B9A /* main.m in Sources */ = {isa = PBXBuildFile; fileRef = 13B07FB71A68108700A75B9A /* main.m */; };
		24979E8920F84250007EB0DA /* GoogleService-Info.plist in Resources */ = {isa = PBXBuildFile; fileRef = 24979E7720F84004007EB0DA /* GoogleService-Info.plist */; };
		3CBE29CD2381E43900BE05AC /* Dummy.swift in Sources */ = {isa = PBXBuildFile; fileRef = 3CBE29CC2381E43900BE05AC /* Dummy.swift */; };
		45537F942F2B45A2AE0F6E97 /* SF-Pro-Rounded-Medium.otf in Resources */ = {isa = PBXBuildFile; fileRef = C71A958627CB4BF6B7085E7B /* SF-Pro-Rounded-Medium.otf */; };
		5D1949044DCB413FBE7AE82E /* SFMono-Light.otf in Resources */ = {isa = PBXBuildFile; fileRef = 2C4A4A4FB3D84F14A48989D8 /* SFMono-Light.otf */; };
		5F1FC886FDBF4E50875905D8 /* SF-Pro-Rounded-Heavy.otf in Resources */ = {isa = PBXBuildFile; fileRef = 6B6183D1BB01462A8EC6971D /* SF-Pro-Rounded-Heavy.otf */; };
		5F34DEED060F41878C4C5A59 /* SFMono-Heavy.otf in Resources */ = {isa = PBXBuildFile; fileRef = 0A8698C728414E56A3FD89A6 /* SFMono-Heavy.otf */; };
		66FEC91623EDA14000A0F367 /* RoundedCornerView.swift in Sources */ = {isa = PBXBuildFile; fileRef = 66FEC91523EDA13F00A0F367 /* RoundedCornerView.swift */; };
		7287CE1EC33B4913AEE1F4B6 /* SFMono-Medium.otf in Resources */ = {isa = PBXBuildFile; fileRef = 668A9E253DAF444A90ECB997 /* SFMono-Medium.otf */; };
		788C192F52404F80BC99C83E /* SF-Pro-Rounded-Light.otf in Resources */ = {isa = PBXBuildFile; fileRef = CC103294F38D49DEBB00C234 /* SF-Pro-Rounded-Light.otf */; };
		7DE5483C7F3043379686F961 /* SF-Pro-Rounded-Ultralight.otf in Resources */ = {isa = PBXBuildFile; fileRef = E10B4784EF2A4C569A43746A /* SF-Pro-Rounded-Ultralight.otf */; };
		830AB06937A24F36A5A233E4 /* SF-Pro-Rounded-Bold.otf in Resources */ = {isa = PBXBuildFile; fileRef = 12778C645D644BCC8744A30F /* SF-Pro-Rounded-Bold.otf */; };
		888BD587381C4F859E34255C /* SF-Pro-Rounded-Regular.otf in Resources */ = {isa = PBXBuildFile; fileRef = 6F593D06488648D6B4082A13 /* SF-Pro-Rounded-Regular.otf */; };
		8FB4C0E7FE3240F2B2D23CE2 /* SFMono-Bold.otf in Resources */ = {isa = PBXBuildFile; fileRef = 8789D635428240B5ABF282EE /* SFMono-Bold.otf */; };
		90FC6B24164C6F1720EEB0BF /* libPods-Rainbow.a in Frameworks */ = {isa = PBXBuildFile; fileRef = 13E5CE549E13349A65C71B53 /* libPods-Rainbow.a */; };
		92D7BFC8AFDA4E649EA6FF08 /* SFMono-Semibold.otf in Resources */ = {isa = PBXBuildFile; fileRef = B1089F835D6A4F578009B47F /* SFMono-Semibold.otf */; };
		9DF9D782A0E8467FAA079A68 /* SF-Pro-Rounded-Semibold.otf in Resources */ = {isa = PBXBuildFile; fileRef = C2BA36ED122C4932A09957E5 /* SF-Pro-Rounded-Semibold.otf */; };
		A4277D9F23CBD1910042BAF4 /* Extensions.swift in Sources */ = {isa = PBXBuildFile; fileRef = A4277D9E23CBD1910042BAF4 /* Extensions.swift */; };
		A4277DA323CFE85F0042BAF4 /* Theme.swift in Sources */ = {isa = PBXBuildFile; fileRef = A4277DA223CFE85F0042BAF4 /* Theme.swift */; };
		A44A4EEE23EC928900B543F1 /* CoinIconWithProgressBar.swift in Sources */ = {isa = PBXBuildFile; fileRef = A44A4EED23EC928900B543F1 /* CoinIconWithProgressBar.swift */; };
		A4704B4823C546DA00E50E4B /* TransactionListViewCell.swift in Sources */ = {isa = PBXBuildFile; fileRef = A4704B4023C546D900E50E4B /* TransactionListViewCell.swift */; };
		A4704B4923C546DA00E50E4B /* TransactionListView.swift in Sources */ = {isa = PBXBuildFile; fileRef = A4704B4123C546D900E50E4B /* TransactionListView.swift */; };
		A4704B4D23C546DA00E50E4B /* TransactionListViewCell.xib in Resources */ = {isa = PBXBuildFile; fileRef = A4704B4623C546D900E50E4B /* TransactionListViewCell.xib */; };
		A477567C23DB2FAA005AE8FD /* Transaction.swift in Sources */ = {isa = PBXBuildFile; fileRef = A477567B23DB2FAA005AE8FD /* Transaction.swift */; };
		A477567E23DB3A85005AE8FD /* TransactionListViewManager.m in Sources */ = {isa = PBXBuildFile; fileRef = A477567D23DB3A85005AE8FD /* TransactionListViewManager.m */; };
		A485E61423C8ED6000E5C3D4 /* TransactionListViewHeader.swift in Sources */ = {isa = PBXBuildFile; fileRef = A485E61323C8ED6000E5C3D4 /* TransactionListViewHeader.swift */; };
		A485E61623C8F4A400E5C3D4 /* TransactionListViewHeader.xib in Resources */ = {isa = PBXBuildFile; fileRef = A485E61223C8EC4400E5C3D4 /* TransactionListViewHeader.xib */; };
		A49B52AF23DB411900A00918 /* TransactionRequest.swift in Sources */ = {isa = PBXBuildFile; fileRef = A49B52AE23DB411900A00918 /* TransactionRequest.swift */; };
		A49B52B423DB5D1100A00918 /* TransactionViewModelTransactionItem.swift in Sources */ = {isa = PBXBuildFile; fileRef = A49B52B323DB5D1100A00918 /* TransactionViewModelTransactionItem.swift */; };
		A49B52B623DB5D5600A00918 /* TransactionViewModelProtocol.swift in Sources */ = {isa = PBXBuildFile; fileRef = A49B52B523DB5D5600A00918 /* TransactionViewModelProtocol.swift */; };
		A49B52B823DB5F7200A00918 /* TransactionViewModelTransactionRequestItem.swift in Sources */ = {isa = PBXBuildFile; fileRef = A49B52B723DB5F7200A00918 /* TransactionViewModelTransactionRequestItem.swift */; };
		A49B52BA23DB61E600A00918 /* TransactionViewModel.swift in Sources */ = {isa = PBXBuildFile; fileRef = A49B52B923DB61E600A00918 /* TransactionViewModel.swift */; };
		A49B52BC23DBA61200A00918 /* TransactionData.swift in Sources */ = {isa = PBXBuildFile; fileRef = A49B52BB23DBA61100A00918 /* TransactionData.swift */; };
		A49B52C023DCCDA800A00918 /* TransactionRequestSection.swift in Sources */ = {isa = PBXBuildFile; fileRef = A49B52BF23DCCDA800A00918 /* TransactionRequestSection.swift */; };
		A49B52C223DCD11D00A00918 /* TransactionSection.swift in Sources */ = {isa = PBXBuildFile; fileRef = A49B52C123DCD11D00A00918 /* TransactionSection.swift */; };
		A4AF3CCE23DA37F700F230F3 /* TransactionListRequestViewCell.xib in Resources */ = {isa = PBXBuildFile; fileRef = A4AF3CCD23DA37F700F230F3 /* TransactionListRequestViewCell.xib */; };
		A4AF3CD023DA3A0F00F230F3 /* TransactionListRequestViewCell.swift in Sources */ = {isa = PBXBuildFile; fileRef = A4AF3CCF23DA3A0F00F230F3 /* TransactionListRequestViewCell.swift */; };
		A4D04BA923D12F99008C1DEC /* Button.swift in Sources */ = {isa = PBXBuildFile; fileRef = A4D04BA823D12F99008C1DEC /* Button.swift */; };
		A4D04BAC23D12FD5008C1DEC /* ButtonManager.m in Sources */ = {isa = PBXBuildFile; fileRef = A4D04BAB23D12FD5008C1DEC /* ButtonManager.m */; };
		A4F8DACB23DF85DF00560E47 /* TransactionListBaseCell.swift in Sources */ = {isa = PBXBuildFile; fileRef = A4F8DACA23DF85DF00560E47 /* TransactionListBaseCell.swift */; };
		B7A3E82A4C4449F4A18EB5C2 /* SFMono-Regular.otf in Resources */ = {isa = PBXBuildFile; fileRef = 95F2888C850F40C8A26E083B /* SFMono-Regular.otf */; };
		C72F456C99A646399192517D /* libz.tbd in Frameworks */ = {isa = PBXBuildFile; fileRef = 98AED33BAB4247CEBEF8464D /* libz.tbd */; };
		ED2971652150620600B7C4FE /* JavaScriptCore.framework in Frameworks */ = {isa = PBXBuildFile; fileRef = ED2971642150620600B7C4FE /* JavaScriptCore.framework */; };
		EEDAF090F37B4DD9905C3AA1 /* SF-Pro-Rounded-Thin.otf in Resources */ = {isa = PBXBuildFile; fileRef = 2508987EAA5746B799931646 /* SF-Pro-Rounded-Thin.otf */; };
/* End PBXBuildFile section */

/* Begin PBXFileReference section */
		008F07F21AC5B25A0029DE68 /* main.jsbundle */ = {isa = PBXFileReference; fileEncoding = 4; lastKnownFileType = text; path = main.jsbundle; sourceTree = "<group>"; };
		00E356F11AD99517003FC87E /* Info.plist */ = {isa = PBXFileReference; lastKnownFileType = text.plist.xml; path = Info.plist; sourceTree = "<group>"; };
		00E356F21AD99517003FC87E /* RainbowTests.m */ = {isa = PBXFileReference; lastKnownFileType = sourcecode.c.objc; path = RainbowTests.m; sourceTree = "<group>"; };
		0642ECCC7CB044FDB5A3CC32 /* libRNTextInputMask.a */ = {isa = PBXFileReference; explicitFileType = undefined; fileEncoding = 9; includeInIndex = 0; lastKnownFileType = archive.ar; path = libRNTextInputMask.a; sourceTree = "<group>"; };
		0A8698C728414E56A3FD89A6 /* SFMono-Heavy.otf */ = {isa = PBXFileReference; explicitFileType = undefined; fileEncoding = 9; includeInIndex = 0; lastKnownFileType = unknown; name = "SFMono-Heavy.otf"; path = "../src/assets/fonts/SFMono-Heavy.otf"; sourceTree = "<group>"; };
		11CCA3399B351ABE3E5296FE /* Pods-Rainbow.release.xcconfig */ = {isa = PBXFileReference; includeInIndex = 1; lastKnownFileType = text.xcconfig; name = "Pods-Rainbow.release.xcconfig"; path = "Target Support Files/Pods-Rainbow/Pods-Rainbow.release.xcconfig"; sourceTree = "<group>"; };
		12778C645D644BCC8744A30F /* SF-Pro-Rounded-Bold.otf */ = {isa = PBXFileReference; explicitFileType = undefined; fileEncoding = 9; includeInIndex = 0; lastKnownFileType = unknown; name = "SF-Pro-Rounded-Bold.otf"; path = "../src/assets/fonts/SF-Pro-Rounded-Bold.otf"; sourceTree = "<group>"; };
		13B07F961A680F5B00A75B9A /* Rainbow.app */ = {isa = PBXFileReference; explicitFileType = wrapper.application; includeInIndex = 0; path = Rainbow.app; sourceTree = BUILT_PRODUCTS_DIR; };
		13B07FAF1A68108700A75B9A /* AppDelegate.h */ = {isa = PBXFileReference; fileEncoding = 4; lastKnownFileType = sourcecode.c.h; name = AppDelegate.h; path = Rainbow/AppDelegate.h; sourceTree = "<group>"; };
		13B07FB01A68108700A75B9A /* AppDelegate.m */ = {isa = PBXFileReference; fileEncoding = 4; lastKnownFileType = sourcecode.c.objc; name = AppDelegate.m; path = Rainbow/AppDelegate.m; sourceTree = "<group>"; };
		13B07FB21A68108700A75B9A /* Base */ = {isa = PBXFileReference; lastKnownFileType = file.xib; name = Base; path = Base.lproj/LaunchScreen.xib; sourceTree = "<group>"; };
		13B07FB51A68108700A75B9A /* Images.xcassets */ = {isa = PBXFileReference; lastKnownFileType = folder.assetcatalog; name = Images.xcassets; path = Rainbow/Images.xcassets; sourceTree = "<group>"; };
		13B07FB61A68108700A75B9A /* Info.plist */ = {isa = PBXFileReference; fileEncoding = 4; lastKnownFileType = text.plist.xml; name = Info.plist; path = Rainbow/Info.plist; sourceTree = "<group>"; };
		13B07FB71A68108700A75B9A /* main.m */ = {isa = PBXFileReference; fileEncoding = 4; lastKnownFileType = sourcecode.c.objc; name = main.m; path = Rainbow/main.m; sourceTree = "<group>"; };
		13E5CE549E13349A65C71B53 /* libPods-Rainbow.a */ = {isa = PBXFileReference; explicitFileType = archive.ar; includeInIndex = 0; path = "libPods-Rainbow.a"; sourceTree = BUILT_PRODUCTS_DIR; };
		24979E3620F84003007EB0DA /* Protobuf.framework */ = {isa = PBXFileReference; lastKnownFileType = wrapper.framework; name = Protobuf.framework; path = Frameworks/Protobuf.framework; sourceTree = "<group>"; };
		24979E7420F84004007EB0DA /* FirebaseAnalytics.framework */ = {isa = PBXFileReference; lastKnownFileType = wrapper.framework; name = FirebaseAnalytics.framework; path = Frameworks/FirebaseAnalytics.framework; sourceTree = "<group>"; };
		24979E7520F84004007EB0DA /* FirebaseCore.framework */ = {isa = PBXFileReference; lastKnownFileType = wrapper.framework; name = FirebaseCore.framework; path = Frameworks/FirebaseCore.framework; sourceTree = "<group>"; };
		24979E7620F84004007EB0DA /* FirebaseMessaging.framework */ = {isa = PBXFileReference; lastKnownFileType = wrapper.framework; name = FirebaseMessaging.framework; path = Frameworks/FirebaseMessaging.framework; sourceTree = "<group>"; };
		24979E7720F84004007EB0DA /* GoogleService-Info.plist */ = {isa = PBXFileReference; fileEncoding = 4; lastKnownFileType = text.plist.xml; name = "GoogleService-Info.plist"; path = "Frameworks/GoogleService-Info.plist"; sourceTree = "<group>"; };
		24979E7820F84004007EB0DA /* GoogleToolboxForMac.framework */ = {isa = PBXFileReference; lastKnownFileType = wrapper.framework; name = GoogleToolboxForMac.framework; path = Frameworks/GoogleToolboxForMac.framework; sourceTree = "<group>"; };
		24979E7920F84004007EB0DA /* Firebase.h */ = {isa = PBXFileReference; fileEncoding = 4; lastKnownFileType = sourcecode.c.h; name = Firebase.h; path = Frameworks/Firebase.h; sourceTree = "<group>"; };
		24979E7A20F84004007EB0DA /* FirebaseNanoPB.framework */ = {isa = PBXFileReference; lastKnownFileType = wrapper.framework; name = FirebaseNanoPB.framework; path = Frameworks/FirebaseNanoPB.framework; sourceTree = "<group>"; };
		24979E7B20F84004007EB0DA /* FirebaseInstanceID.framework */ = {isa = PBXFileReference; lastKnownFileType = wrapper.framework; name = FirebaseInstanceID.framework; path = Frameworks/FirebaseInstanceID.framework; sourceTree = "<group>"; };
		24979E7C20F84004007EB0DA /* FirebaseCoreDiagnostics.framework */ = {isa = PBXFileReference; lastKnownFileType = wrapper.framework; name = FirebaseCoreDiagnostics.framework; path = Frameworks/FirebaseCoreDiagnostics.framework; sourceTree = "<group>"; };
		24979E7D20F84005007EB0DA /* module.modulemap */ = {isa = PBXFileReference; fileEncoding = 4; lastKnownFileType = "sourcecode.module-map"; name = module.modulemap; path = Frameworks/module.modulemap; sourceTree = "<group>"; };
		24979E7E20F84005007EB0DA /* nanopb.framework */ = {isa = PBXFileReference; lastKnownFileType = wrapper.framework; name = nanopb.framework; path = Frameworks/nanopb.framework; sourceTree = "<group>"; };
		24A867FF226181F9005DCF78 /* libFirebaseInstanceID.a */ = {isa = PBXFileReference; explicitFileType = archive.ar; path = libFirebaseInstanceID.a; sourceTree = BUILT_PRODUCTS_DIR; };
		2508987EAA5746B799931646 /* SF-Pro-Rounded-Thin.otf */ = {isa = PBXFileReference; explicitFileType = undefined; fileEncoding = 9; includeInIndex = 0; lastKnownFileType = unknown; name = "SF-Pro-Rounded-Thin.otf"; path = "../src/assets/fonts/SF-Pro-Rounded-Thin.otf"; sourceTree = "<group>"; };
		2837FCCEA7D33A4F128B7574 /* Pods-Rainbow.localrelease.xcconfig */ = {isa = PBXFileReference; includeInIndex = 1; lastKnownFileType = text.xcconfig; name = "Pods-Rainbow.localrelease.xcconfig"; path = "Target Support Files/Pods-Rainbow/Pods-Rainbow.localrelease.xcconfig"; sourceTree = "<group>"; };
		2C4A4A4FB3D84F14A48989D8 /* SFMono-Light.otf */ = {isa = PBXFileReference; explicitFileType = undefined; fileEncoding = 9; includeInIndex = 0; lastKnownFileType = unknown; name = "SFMono-Light.otf"; path = "../src/assets/fonts/SFMono-Light.otf"; sourceTree = "<group>"; };
		2D16E6891FA4F8E400B85C8A /* libReact.a */ = {isa = PBXFileReference; explicitFileType = archive.ar; path = libReact.a; sourceTree = BUILT_PRODUCTS_DIR; };
		3C379D5D20FD1F92009AF81F /* Rainbow.entitlements */ = {isa = PBXFileReference; lastKnownFileType = text.plist.entitlements; name = Rainbow.entitlements; path = Rainbow/Rainbow.entitlements; sourceTree = "<group>"; };
		3CBE29CB2381E43800BE05AC /* Rainbow-Bridging-Header.h */ = {isa = PBXFileReference; lastKnownFileType = sourcecode.c.h; path = "Rainbow-Bridging-Header.h"; sourceTree = "<group>"; };
		3CBE29CC2381E43900BE05AC /* Dummy.swift */ = {isa = PBXFileReference; lastKnownFileType = sourcecode.swift; path = Dummy.swift; sourceTree = "<group>"; };
		3CC4B790228B298400D827EB /* libSDWebImage.a */ = {isa = PBXFileReference; explicitFileType = archive.ar; path = libSDWebImage.a; sourceTree = BUILT_PRODUCTS_DIR; };
		3CE850D5210FEA8F00672599 /* libGoogleToolboxForMac.a */ = {isa = PBXFileReference; explicitFileType = archive.ar; path = libGoogleToolboxForMac.a; sourceTree = BUILT_PRODUCTS_DIR; };
		3CE850D7210FEACE00672599 /* libnanopb.a */ = {isa = PBXFileReference; explicitFileType = archive.ar; path = libnanopb.a; sourceTree = BUILT_PRODUCTS_DIR; };
		466CDCBFE61F83D2AE1C7410 /* Pods-Rainbow.debug.xcconfig */ = {isa = PBXFileReference; includeInIndex = 1; lastKnownFileType = text.xcconfig; name = "Pods-Rainbow.debug.xcconfig"; path = "Target Support Files/Pods-Rainbow/Pods-Rainbow.debug.xcconfig"; sourceTree = "<group>"; };
		6613987F23689A430097D1D5 /* libReact-Core.a */ = {isa = PBXFileReference; explicitFileType = archive.ar; path = "libReact-Core.a"; sourceTree = BUILT_PRODUCTS_DIR; };
		6613988123689A430097D1D5 /* libReact-CoreModules.a */ = {isa = PBXFileReference; explicitFileType = archive.ar; path = "libReact-CoreModules.a"; sourceTree = BUILT_PRODUCTS_DIR; };
		6613988323689A430097D1D5 /* libReact-cxxreact.a */ = {isa = PBXFileReference; explicitFileType = archive.ar; path = "libReact-cxxreact.a"; sourceTree = BUILT_PRODUCTS_DIR; };
		6613988523689A430097D1D5 /* libReact-jsi.a */ = {isa = PBXFileReference; explicitFileType = archive.ar; path = "libReact-jsi.a"; sourceTree = BUILT_PRODUCTS_DIR; };
		66139B432368A9AE0097D1D5 /* libRNFirebase.a */ = {isa = PBXFileReference; explicitFileType = archive.ar; path = libRNFirebase.a; sourceTree = BUILT_PRODUCTS_DIR; };
		668A9E253DAF444A90ECB997 /* SFMono-Medium.otf */ = {isa = PBXFileReference; explicitFileType = undefined; fileEncoding = 9; includeInIndex = 0; lastKnownFileType = unknown; name = "SFMono-Medium.otf"; path = "../src/assets/fonts/SFMono-Medium.otf"; sourceTree = "<group>"; };
		66CA6CFD237C27E200C8E3D6 /* InputMask.framework */ = {isa = PBXFileReference; explicitFileType = wrapper.framework; path = InputMask.framework; sourceTree = BUILT_PRODUCTS_DIR; };
		66FEC91523EDA13F00A0F367 /* RoundedCornerView.swift */ = {isa = PBXFileReference; fileEncoding = 4; lastKnownFileType = sourcecode.swift; path = RoundedCornerView.swift; sourceTree = "<group>"; };
		6B6183D1BB01462A8EC6971D /* SF-Pro-Rounded-Heavy.otf */ = {isa = PBXFileReference; explicitFileType = undefined; fileEncoding = 9; includeInIndex = 0; lastKnownFileType = unknown; name = "SF-Pro-Rounded-Heavy.otf"; path = "../src/assets/fonts/SF-Pro-Rounded-Heavy.otf"; sourceTree = "<group>"; };
		6F593D06488648D6B4082A13 /* SF-Pro-Rounded-Regular.otf */ = {isa = PBXFileReference; explicitFileType = undefined; fileEncoding = 9; includeInIndex = 0; lastKnownFileType = unknown; name = "SF-Pro-Rounded-Regular.otf"; path = "../src/assets/fonts/SF-Pro-Rounded-Regular.otf"; sourceTree = "<group>"; };
		8789D635428240B5ABF282EE /* SFMono-Bold.otf */ = {isa = PBXFileReference; explicitFileType = undefined; fileEncoding = 9; includeInIndex = 0; lastKnownFileType = unknown; name = "SFMono-Bold.otf"; path = "../src/assets/fonts/SFMono-Bold.otf"; sourceTree = "<group>"; };
		95F2888C850F40C8A26E083B /* SFMono-Regular.otf */ = {isa = PBXFileReference; explicitFileType = undefined; fileEncoding = 9; includeInIndex = 0; lastKnownFileType = unknown; name = "SFMono-Regular.otf"; path = "../src/assets/fonts/SFMono-Regular.otf"; sourceTree = "<group>"; };
		98AED33BAB4247CEBEF8464D /* libz.tbd */ = {isa = PBXFileReference; explicitFileType = undefined; fileEncoding = 9; includeInIndex = 0; lastKnownFileType = "sourcecode.text-based-dylib-definition"; name = libz.tbd; path = usr/lib/libz.tbd; sourceTree = SDKROOT; };
		9DEADFA4826D4D0BAA950D21 /* libRNFIRMessaging.a */ = {isa = PBXFileReference; explicitFileType = undefined; fileEncoding = 9; includeInIndex = 0; lastKnownFileType = archive.ar; path = libRNFIRMessaging.a; sourceTree = "<group>"; };
		A4277D9E23CBD1910042BAF4 /* Extensions.swift */ = {isa = PBXFileReference; lastKnownFileType = sourcecode.swift; path = Extensions.swift; sourceTree = "<group>"; };
		A4277DA223CFE85F0042BAF4 /* Theme.swift */ = {isa = PBXFileReference; lastKnownFileType = sourcecode.swift; path = Theme.swift; sourceTree = "<group>"; };
		A44A4EED23EC928900B543F1 /* CoinIconWithProgressBar.swift */ = {isa = PBXFileReference; lastKnownFileType = sourcecode.swift; path = CoinIconWithProgressBar.swift; sourceTree = "<group>"; };
		A4704B4023C546D900E50E4B /* TransactionListViewCell.swift */ = {isa = PBXFileReference; fileEncoding = 4; lastKnownFileType = sourcecode.swift; path = TransactionListViewCell.swift; sourceTree = "<group>"; };
		A4704B4123C546D900E50E4B /* TransactionListView.swift */ = {isa = PBXFileReference; fileEncoding = 4; lastKnownFileType = sourcecode.swift; path = TransactionListView.swift; sourceTree = "<group>"; };
		A4704B4623C546D900E50E4B /* TransactionListViewCell.xib */ = {isa = PBXFileReference; fileEncoding = 4; lastKnownFileType = file.xib; path = TransactionListViewCell.xib; sourceTree = "<group>"; };
		A4704B4723C546DA00E50E4B /* RCTConvert+TransactionList.h */ = {isa = PBXFileReference; fileEncoding = 4; lastKnownFileType = sourcecode.c.h; path = "RCTConvert+TransactionList.h"; sourceTree = "<group>"; };
		A477567B23DB2FAA005AE8FD /* Transaction.swift */ = {isa = PBXFileReference; lastKnownFileType = sourcecode.swift; path = Transaction.swift; sourceTree = "<group>"; };
		A477567D23DB3A85005AE8FD /* TransactionListViewManager.m */ = {isa = PBXFileReference; fileEncoding = 4; lastKnownFileType = sourcecode.c.objc; path = TransactionListViewManager.m; sourceTree = "<group>"; };
		A485E61223C8EC4400E5C3D4 /* TransactionListViewHeader.xib */ = {isa = PBXFileReference; lastKnownFileType = file.xib; path = TransactionListViewHeader.xib; sourceTree = "<group>"; };
		A485E61323C8ED6000E5C3D4 /* TransactionListViewHeader.swift */ = {isa = PBXFileReference; lastKnownFileType = sourcecode.swift; path = TransactionListViewHeader.swift; sourceTree = "<group>"; };
		A49B52AE23DB411900A00918 /* TransactionRequest.swift */ = {isa = PBXFileReference; lastKnownFileType = sourcecode.swift; path = TransactionRequest.swift; sourceTree = "<group>"; };
		A49B52B323DB5D1100A00918 /* TransactionViewModelTransactionItem.swift */ = {isa = PBXFileReference; lastKnownFileType = sourcecode.swift; path = TransactionViewModelTransactionItem.swift; sourceTree = "<group>"; };
		A49B52B523DB5D5600A00918 /* TransactionViewModelProtocol.swift */ = {isa = PBXFileReference; lastKnownFileType = sourcecode.swift; path = TransactionViewModelProtocol.swift; sourceTree = "<group>"; };
		A49B52B723DB5F7200A00918 /* TransactionViewModelTransactionRequestItem.swift */ = {isa = PBXFileReference; lastKnownFileType = sourcecode.swift; path = TransactionViewModelTransactionRequestItem.swift; sourceTree = "<group>"; };
		A49B52B923DB61E600A00918 /* TransactionViewModel.swift */ = {isa = PBXFileReference; lastKnownFileType = sourcecode.swift; path = TransactionViewModel.swift; sourceTree = "<group>"; };
		A49B52BB23DBA61100A00918 /* TransactionData.swift */ = {isa = PBXFileReference; lastKnownFileType = sourcecode.swift; path = TransactionData.swift; sourceTree = "<group>"; };
		A49B52BF23DCCDA800A00918 /* TransactionRequestSection.swift */ = {isa = PBXFileReference; lastKnownFileType = sourcecode.swift; path = TransactionRequestSection.swift; sourceTree = "<group>"; };
		A49B52C123DCD11D00A00918 /* TransactionSection.swift */ = {isa = PBXFileReference; lastKnownFileType = sourcecode.swift; path = TransactionSection.swift; sourceTree = "<group>"; };
		A4AF3CCD23DA37F700F230F3 /* TransactionListRequestViewCell.xib */ = {isa = PBXFileReference; lastKnownFileType = file.xib; path = TransactionListRequestViewCell.xib; sourceTree = "<group>"; };
		A4AF3CCF23DA3A0F00F230F3 /* TransactionListRequestViewCell.swift */ = {isa = PBXFileReference; lastKnownFileType = sourcecode.swift; path = TransactionListRequestViewCell.swift; sourceTree = "<group>"; };
		A4D04BA823D12F99008C1DEC /* Button.swift */ = {isa = PBXFileReference; lastKnownFileType = sourcecode.swift; path = Button.swift; sourceTree = "<group>"; };
		A4D04BAB23D12FD5008C1DEC /* ButtonManager.m */ = {isa = PBXFileReference; lastKnownFileType = sourcecode.c.objc; path = ButtonManager.m; sourceTree = "<group>"; };
		A4F8DACA23DF85DF00560E47 /* TransactionListBaseCell.swift */ = {isa = PBXFileReference; lastKnownFileType = sourcecode.swift; path = TransactionListBaseCell.swift; sourceTree = "<group>"; };
		A8846B6B5BC96732D5A4A107 /* Pods-Rainbow.staging.xcconfig */ = {isa = PBXFileReference; includeInIndex = 1; lastKnownFileType = text.xcconfig; name = "Pods-Rainbow.staging.xcconfig"; path = "Target Support Files/Pods-Rainbow/Pods-Rainbow.staging.xcconfig"; sourceTree = "<group>"; };
		B0C692B061D7430D8194DC98 /* ToolTipMenuTests.xctest */ = {isa = PBXFileReference; explicitFileType = undefined; fileEncoding = 9; includeInIndex = 0; lastKnownFileType = wrapper.cfbundle; path = ToolTipMenuTests.xctest; sourceTree = "<group>"; };
		B1089F835D6A4F578009B47F /* SFMono-Semibold.otf */ = {isa = PBXFileReference; explicitFileType = undefined; fileEncoding = 9; includeInIndex = 0; lastKnownFileType = unknown; name = "SFMono-Semibold.otf"; path = "../src/assets/fonts/SFMono-Semibold.otf"; sourceTree = "<group>"; };
		B809485D25CC4982B166E287 /* SF-Pro-Rounded-Black.otf */ = {isa = PBXFileReference; explicitFileType = undefined; fileEncoding = 9; includeInIndex = 0; lastKnownFileType = unknown; name = "SF-Pro-Rounded-Black.otf"; path = "../src/assets/fonts/SF-Pro-Rounded-Black.otf"; sourceTree = "<group>"; };
		C2BA36ED122C4932A09957E5 /* SF-Pro-Rounded-Semibold.otf */ = {isa = PBXFileReference; explicitFileType = undefined; fileEncoding = 9; includeInIndex = 0; lastKnownFileType = unknown; name = "SF-Pro-Rounded-Semibold.otf"; path = "../src/assets/fonts/SF-Pro-Rounded-Semibold.otf"; sourceTree = "<group>"; };
		C71A958627CB4BF6B7085E7B /* SF-Pro-Rounded-Medium.otf */ = {isa = PBXFileReference; explicitFileType = undefined; fileEncoding = 9; includeInIndex = 0; lastKnownFileType = unknown; name = "SF-Pro-Rounded-Medium.otf"; path = "../src/assets/fonts/SF-Pro-Rounded-Medium.otf"; sourceTree = "<group>"; };
		CC103294F38D49DEBB00C234 /* SF-Pro-Rounded-Light.otf */ = {isa = PBXFileReference; explicitFileType = undefined; fileEncoding = 9; includeInIndex = 0; lastKnownFileType = unknown; name = "SF-Pro-Rounded-Light.otf"; path = "../src/assets/fonts/SF-Pro-Rounded-Light.otf"; sourceTree = "<group>"; };
		D755E71324B04FEE9C691D14 /* libRNFirebase.a */ = {isa = PBXFileReference; explicitFileType = undefined; fileEncoding = 9; includeInIndex = 0; lastKnownFileType = archive.ar; path = libRNFirebase.a; sourceTree = "<group>"; };
		E10B4784EF2A4C569A43746A /* SF-Pro-Rounded-Ultralight.otf */ = {isa = PBXFileReference; explicitFileType = undefined; fileEncoding = 9; includeInIndex = 0; lastKnownFileType = unknown; name = "SF-Pro-Rounded-Ultralight.otf"; path = "../src/assets/fonts/SF-Pro-Rounded-Ultralight.otf"; sourceTree = "<group>"; };
		ED297162215061F000B7C4FE /* JavaScriptCore.framework */ = {isa = PBXFileReference; lastKnownFileType = wrapper.framework; name = JavaScriptCore.framework; path = System/Library/Frameworks/JavaScriptCore.framework; sourceTree = SDKROOT; };
		ED2971642150620600B7C4FE /* JavaScriptCore.framework */ = {isa = PBXFileReference; lastKnownFileType = wrapper.framework; name = JavaScriptCore.framework; path = Platforms/AppleTVOS.platform/Developer/SDKs/AppleTVOS12.0.sdk/System/Library/Frameworks/JavaScriptCore.framework; sourceTree = DEVELOPER_DIR; };
/* End PBXFileReference section */

/* Begin PBXFrameworksBuildPhase section */
		13B07F8C1A680F5B00A75B9A /* Frameworks */ = {
			isa = PBXFrameworksBuildPhase;
			buildActionMask = 2147483647;
			files = (
				ED2971652150620600B7C4FE /* JavaScriptCore.framework in Frameworks */,
				C72F456C99A646399192517D /* libz.tbd in Frameworks */,
				90FC6B24164C6F1720EEB0BF /* libPods-Rainbow.a in Frameworks */,
			);
			runOnlyForDeploymentPostprocessing = 0;
		};
/* End PBXFrameworksBuildPhase section */

/* Begin PBXGroup section */
		00E356EF1AD99517003FC87E /* RainbowTests */ = {
			isa = PBXGroup;
			children = (
				00E356F21AD99517003FC87E /* RainbowTests.m */,
				00E356F01AD99517003FC87E /* Supporting Files */,
			);
			path = RainbowTests;
			sourceTree = "<group>";
		};
		00E356F01AD99517003FC87E /* Supporting Files */ = {
			isa = PBXGroup;
			children = (
				00E356F11AD99517003FC87E /* Info.plist */,
			);
			name = "Supporting Files";
			sourceTree = "<group>";
		};
		13B07FAE1A68108700A75B9A /* Rainbow */ = {
			isa = PBXGroup;
			children = (
				A4D04BA723D12F27008C1DEC /* Button */,
				A4277DA023CBD3590042BAF4 /* Transactions */,
				3C379D5D20FD1F92009AF81F /* Rainbow.entitlements */,
				008F07F21AC5B25A0029DE68 /* main.jsbundle */,
				13B07FAF1A68108700A75B9A /* AppDelegate.h */,
				13B07FB01A68108700A75B9A /* AppDelegate.m */,
				13B07FB51A68108700A75B9A /* Images.xcassets */,
				13B07FB61A68108700A75B9A /* Info.plist */,
				13B07FB71A68108700A75B9A /* main.m */,
				13B07FB11A68108700A75B9A /* LaunchScreen.xib */,
				3CBE29CC2381E43900BE05AC /* Dummy.swift */,
				3CBE29CB2381E43800BE05AC /* Rainbow-Bridging-Header.h */,
				A4277D9E23CBD1910042BAF4 /* Extensions.swift */,
				A4277DA223CFE85F0042BAF4 /* Theme.swift */,
			);
			name = Rainbow;
			sourceTree = "<group>";
		};
		24979D1220F83E3D007EB0DA /* Recovered References */ = {
			isa = PBXGroup;
			children = (
				9DEADFA4826D4D0BAA950D21 /* libRNFIRMessaging.a */,
				B0C692B061D7430D8194DC98 /* ToolTipMenuTests.xctest */,
				D755E71324B04FEE9C691D14 /* libRNFirebase.a */,
				0642ECCC7CB044FDB5A3CC32 /* libRNTextInputMask.a */,
			);
			name = "Recovered References";
			sourceTree = "<group>";
		};
		2D16E6871FA4F8E400B85C8A /* Frameworks */ = {
			isa = PBXGroup;
			children = (
				66139B432368A9AE0097D1D5 /* libRNFirebase.a */,
				6613987F23689A430097D1D5 /* libReact-Core.a */,
				66CA6CFD237C27E200C8E3D6 /* InputMask.framework */,
				6613988123689A430097D1D5 /* libReact-CoreModules.a */,
				6613988323689A430097D1D5 /* libReact-cxxreact.a */,
				6613988523689A430097D1D5 /* libReact-jsi.a */,
				3CC4B790228B298400D827EB /* libSDWebImage.a */,
				24A867FF226181F9005DCF78 /* libFirebaseInstanceID.a */,
				ED297162215061F000B7C4FE /* JavaScriptCore.framework */,
				ED2971642150620600B7C4FE /* JavaScriptCore.framework */,
				3CE850D7210FEACE00672599 /* libnanopb.a */,
				3CE850D5210FEA8F00672599 /* libGoogleToolboxForMac.a */,
				24979E7920F84004007EB0DA /* Firebase.h */,
				24979E7420F84004007EB0DA /* FirebaseAnalytics.framework */,
				24979E7520F84004007EB0DA /* FirebaseCore.framework */,
				24979E7C20F84004007EB0DA /* FirebaseCoreDiagnostics.framework */,
				24979E7B20F84004007EB0DA /* FirebaseInstanceID.framework */,
				24979E7620F84004007EB0DA /* FirebaseMessaging.framework */,
				24979E7A20F84004007EB0DA /* FirebaseNanoPB.framework */,
				24979E7720F84004007EB0DA /* GoogleService-Info.plist */,
				24979E7820F84004007EB0DA /* GoogleToolboxForMac.framework */,
				24979E7D20F84005007EB0DA /* module.modulemap */,
				24979E7E20F84005007EB0DA /* nanopb.framework */,
				24979E3620F84003007EB0DA /* Protobuf.framework */,
				2D16E6891FA4F8E400B85C8A /* libReact.a */,
				98AED33BAB4247CEBEF8464D /* libz.tbd */,
				13E5CE549E13349A65C71B53 /* libPods-Rainbow.a */,
			);
			name = Frameworks;
			sourceTree = "<group>";
		};
		832341AE1AAA6A7D00B99B32 /* Libraries */ = {
			isa = PBXGroup;
			children = (
			);
			name = Libraries;
			sourceTree = "<group>";
		};
		83CBB9F61A601CBA00E9B192 = {
			isa = PBXGroup;
			children = (
				13B07FAE1A68108700A75B9A /* Rainbow */,
				832341AE1AAA6A7D00B99B32 /* Libraries */,
				00E356EF1AD99517003FC87E /* RainbowTests */,
				83CBBA001A601CBA00E9B192 /* Products */,
				2D16E6871FA4F8E400B85C8A /* Frameworks */,
				DCAC1D8CC45E468FBB7E1395 /* Resources */,
				24979D1220F83E3D007EB0DA /* Recovered References */,
				C640359C0E6575CE0A7ECD73 /* Pods */,
			);
			indentWidth = 2;
			sourceTree = "<group>";
			tabWidth = 2;
			usesTabs = 0;
		};
		83CBBA001A601CBA00E9B192 /* Products */ = {
			isa = PBXGroup;
			children = (
				13B07F961A680F5B00A75B9A /* Rainbow.app */,
			);
			name = Products;
			sourceTree = "<group>";
		};
		A4277DA023CBD3590042BAF4 /* Transactions */ = {
			isa = PBXGroup;
			children = (
				A49B52B223DB5CE600A00918 /* ViewModels */,
				A49B52B123DB41DD00A00918 /* Bridging */,
				A49B52B023DB41B900A00918 /* Models */,
				A44A4EED23EC928900B543F1 /* CoinIconWithProgressBar.swift */,
				66FEC91523EDA13F00A0F367 /* RoundedCornerView.swift */,
				A4704B4723C546DA00E50E4B /* RCTConvert+TransactionList.h */,
				A4704B4023C546D900E50E4B /* TransactionListViewCell.swift */,
				A4704B4623C546D900E50E4B /* TransactionListViewCell.xib */,
				A4AF3CCF23DA3A0F00F230F3 /* TransactionListRequestViewCell.swift */,
				A4AF3CCD23DA37F700F230F3 /* TransactionListRequestViewCell.xib */,
				A485E61323C8ED6000E5C3D4 /* TransactionListViewHeader.swift */,
				A485E61223C8EC4400E5C3D4 /* TransactionListViewHeader.xib */,
				A4704B4123C546D900E50E4B /* TransactionListView.swift */,
				A4F8DACA23DF85DF00560E47 /* TransactionListBaseCell.swift */,
			);
			name = Transactions;
			sourceTree = "<group>";
		};
		A49B52B023DB41B900A00918 /* Models */ = {
			isa = PBXGroup;
			children = (
				A477567B23DB2FAA005AE8FD /* Transaction.swift */,
				A49B52AE23DB411900A00918 /* TransactionRequest.swift */,
				A49B52BB23DBA61100A00918 /* TransactionData.swift */,
				A49B52BF23DCCDA800A00918 /* TransactionRequestSection.swift */,
				A49B52C123DCD11D00A00918 /* TransactionSection.swift */,
			);
			name = Models;
			sourceTree = "<group>";
		};
		A49B52B123DB41DD00A00918 /* Bridging */ = {
			isa = PBXGroup;
			children = (
				A477567D23DB3A85005AE8FD /* TransactionListViewManager.m */,
			);
			name = Bridging;
			sourceTree = "<group>";
		};
		A49B52B223DB5CE600A00918 /* ViewModels */ = {
			isa = PBXGroup;
			children = (
				A49B52B323DB5D1100A00918 /* TransactionViewModelTransactionItem.swift */,
				A49B52B723DB5F7200A00918 /* TransactionViewModelTransactionRequestItem.swift */,
				A49B52B923DB61E600A00918 /* TransactionViewModel.swift */,
				A49B52B523DB5D5600A00918 /* TransactionViewModelProtocol.swift */,
			);
			name = ViewModels;
			sourceTree = "<group>";
		};
		A4D04BA723D12F27008C1DEC /* Button */ = {
			isa = PBXGroup;
			children = (
				A4D04BA823D12F99008C1DEC /* Button.swift */,
				A4D04BAB23D12FD5008C1DEC /* ButtonManager.m */,
			);
			name = Button;
			sourceTree = "<group>";
		};
		C640359C0E6575CE0A7ECD73 /* Pods */ = {
			isa = PBXGroup;
			children = (
				466CDCBFE61F83D2AE1C7410 /* Pods-Rainbow.debug.xcconfig */,
				11CCA3399B351ABE3E5296FE /* Pods-Rainbow.release.xcconfig */,
				2837FCCEA7D33A4F128B7574 /* Pods-Rainbow.localrelease.xcconfig */,
				A8846B6B5BC96732D5A4A107 /* Pods-Rainbow.staging.xcconfig */,
			);
			path = Pods;
			sourceTree = "<group>";
		};
		DCAC1D8CC45E468FBB7E1395 /* Resources */ = {
			isa = PBXGroup;
			children = (
				8789D635428240B5ABF282EE /* SFMono-Bold.otf */,
				0A8698C728414E56A3FD89A6 /* SFMono-Heavy.otf */,
				2C4A4A4FB3D84F14A48989D8 /* SFMono-Light.otf */,
				668A9E253DAF444A90ECB997 /* SFMono-Medium.otf */,
				95F2888C850F40C8A26E083B /* SFMono-Regular.otf */,
				B1089F835D6A4F578009B47F /* SFMono-Semibold.otf */,
				B809485D25CC4982B166E287 /* SF-Pro-Rounded-Black.otf */,
				12778C645D644BCC8744A30F /* SF-Pro-Rounded-Bold.otf */,
				6B6183D1BB01462A8EC6971D /* SF-Pro-Rounded-Heavy.otf */,
				CC103294F38D49DEBB00C234 /* SF-Pro-Rounded-Light.otf */,
				C71A958627CB4BF6B7085E7B /* SF-Pro-Rounded-Medium.otf */,
				6F593D06488648D6B4082A13 /* SF-Pro-Rounded-Regular.otf */,
				C2BA36ED122C4932A09957E5 /* SF-Pro-Rounded-Semibold.otf */,
				2508987EAA5746B799931646 /* SF-Pro-Rounded-Thin.otf */,
				E10B4784EF2A4C569A43746A /* SF-Pro-Rounded-Ultralight.otf */,
			);
			name = Resources;
			sourceTree = "<group>";
		};
/* End PBXGroup section */

/* Begin PBXNativeTarget section */
		13B07F861A680F5B00A75B9A /* Rainbow */ = {
			isa = PBXNativeTarget;
			buildConfigurationList = 13B07F931A680F5B00A75B9A /* Build configuration list for PBXNativeTarget "Rainbow" */;
			buildPhases = (
				B2BF48CC79AEFAAAA7A76369 /* [CP] Check Pods Manifest.lock */,
				13B07F871A680F5B00A75B9A /* Sources */,
				13B07F8C1A680F5B00A75B9A /* Frameworks */,
				13B07F8E1A680F5B00A75B9A /* Resources */,
				00DD1BFF1BD5951E006B06BC /* Bundle React Native code and images */,
				3CF823D3218F310D0024B77B /* ShellScript */,
				403CCB5719CD1603C37F2220 /* [CP-User] [RNFB] Core Configuration */,
				A4451ED5032E4036E311CE0C /* [CP-User] [RNFB] Crashlytics Configuration */,
			);
			buildRules = (
			);
			dependencies = (
			);
			name = Rainbow;
			packageProductDependencies = (
			);
			productName = "Hello World";
			productReference = 13B07F961A680F5B00A75B9A /* Rainbow.app */;
			productType = "com.apple.product-type.application";
		};
/* End PBXNativeTarget section */

/* Begin PBXProject section */
		83CBB9F71A601CBA00E9B192 /* Project object */ = {
			isa = PBXProject;
			attributes = {
				LastUpgradeCheck = 610;
				ORGANIZATIONNAME = Facebook;
				TargetAttributes = {
					13B07F861A680F5B00A75B9A = {
						DevelopmentTeam = L74NQAQB8H;
						LastSwiftMigration = 1120;
						ProvisioningStyle = Automatic;
						SystemCapabilities = {
							com.apple.Push = {
								enabled = 1;
							};
							com.apple.SafariKeychain = {
								enabled = 1;
							};
						};
					};
				};
			};
			buildConfigurationList = 83CBB9FA1A601CBA00E9B192 /* Build configuration list for PBXProject "Rainbow" */;
			compatibilityVersion = "Xcode 3.2";
			developmentRegion = English;
			hasScannedForEncodings = 0;
			knownRegions = (
				English,
				en,
				Base,
			);
			mainGroup = 83CBB9F61A601CBA00E9B192;
			packageReferences = (
			);
			productRefGroup = 83CBBA001A601CBA00E9B192 /* Products */;
			projectDirPath = "";
			projectRoot = "";
			targets = (
				13B07F861A680F5B00A75B9A /* Rainbow */,
			);
		};
/* End PBXProject section */

/* Begin PBXResourcesBuildPhase section */
		13B07F8E1A680F5B00A75B9A /* Resources */ = {
			isa = PBXResourcesBuildPhase;
			buildActionMask = 2147483647;
			files = (
				13B07FBF1A68108700A75B9A /* Images.xcassets in Resources */,
				13B07FBD1A68108700A75B9A /* LaunchScreen.xib in Resources */,
				24979E8920F84250007EB0DA /* GoogleService-Info.plist in Resources */,
				A4AF3CCE23DA37F700F230F3 /* TransactionListRequestViewCell.xib in Resources */,
				A485E61623C8F4A400E5C3D4 /* TransactionListViewHeader.xib in Resources */,
				A4704B4D23C546DA00E50E4B /* TransactionListViewCell.xib in Resources */,
				8FB4C0E7FE3240F2B2D23CE2 /* SFMono-Bold.otf in Resources */,
				5F34DEED060F41878C4C5A59 /* SFMono-Heavy.otf in Resources */,
				5D1949044DCB413FBE7AE82E /* SFMono-Light.otf in Resources */,
				7287CE1EC33B4913AEE1F4B6 /* SFMono-Medium.otf in Resources */,
				B7A3E82A4C4449F4A18EB5C2 /* SFMono-Regular.otf in Resources */,
				92D7BFC8AFDA4E649EA6FF08 /* SFMono-Semibold.otf in Resources */,
				041ED9A91C634D62B70DD2A0 /* SF-Pro-Rounded-Black.otf in Resources */,
				830AB06937A24F36A5A233E4 /* SF-Pro-Rounded-Bold.otf in Resources */,
				5F1FC886FDBF4E50875905D8 /* SF-Pro-Rounded-Heavy.otf in Resources */,
				788C192F52404F80BC99C83E /* SF-Pro-Rounded-Light.otf in Resources */,
				45537F942F2B45A2AE0F6E97 /* SF-Pro-Rounded-Medium.otf in Resources */,
				888BD587381C4F859E34255C /* SF-Pro-Rounded-Regular.otf in Resources */,
				9DF9D782A0E8467FAA079A68 /* SF-Pro-Rounded-Semibold.otf in Resources */,
				EEDAF090F37B4DD9905C3AA1 /* SF-Pro-Rounded-Thin.otf in Resources */,
				7DE5483C7F3043379686F961 /* SF-Pro-Rounded-Ultralight.otf in Resources */,
			);
			runOnlyForDeploymentPostprocessing = 0;
		};
/* End PBXResourcesBuildPhase section */

/* Begin PBXShellScriptBuildPhase section */
		00DD1BFF1BD5951E006B06BC /* Bundle React Native code and images */ = {
			isa = PBXShellScriptBuildPhase;
			buildActionMask = 12;
			files = (
			);
			inputPaths = (
			);
			name = "Bundle React Native code and images";
			outputPaths = (
			);
			runOnlyForDeploymentPostprocessing = 0;
			shellPath = /bin/sh;
			shellScript = "export SENTRY_PROPERTIES=sentry.properties\nexport NODE_ARGS=--max-old-space-size=2048\nif [[ ! \"$CONFIGURATION\" = *Debug* ]]; then\n    DEST=$CONFIGURATION_BUILD_DIR/$UNLOCALIZED_RESOURCES_FOLDER_PATH\n    export EXTRA_PACKAGER_ARGS=\"--sourcemap-output $DEST/main.jsbundle.map\"\nfi\n\n../node_modules/@sentry/cli/bin/sentry-cli react-native xcode  ../node_modules/react-native/scripts/react-native-xcode.sh\n\nif [[ ! \"$CONFIGURATION\" = *Debug* ]]; then\n    cp $DEST/main.jsbundle* ../ios/\nfi\n";
			showEnvVarsInLog = 0;
			shellScript = "export SENTRY_PROPERTIES=sentry.properties\nexport NODE_ARGS=--max-old-space-size=2048\nif [[ ! \"$CONFIGURATION\" = *Debug* ]]; then\n    DEST=$CONFIGURATION_BUILD_DIR/$UNLOCALIZED_RESOURCES_FOLDER_PATH\n    export EXTRA_PACKAGER_ARGS=\"--sourcemap-output $DEST/main.jsbundle.map\"\n    cp $DEST/main.jsbundle* ../ios/\nfi\n\nnpx sentry-cli react-native xcode ../node_modules/react-native/scripts/react-native-xcode.sh\n";
		};
		3CF823D3218F310D0024B77B /* ShellScript */ = {
			isa = PBXShellScriptBuildPhase;
			buildActionMask = 2147483647;
			files = (
			);
			inputPaths = (
				"$(SRCROOT)/Rainbow/Info.plist",
			);
			outputPaths = (
			);
			runOnlyForDeploymentPostprocessing = 0;
			shellPath = /bin/sh;
			shellScript = "\"${PODS_ROOT}/Fabric/run\"\n";
			showEnvVarsInLog = 0;
		};
		403CCB5719CD1603C37F2220 /* [CP-User] [RNFB] Core Configuration */ = {
			isa = PBXShellScriptBuildPhase;
			buildActionMask = 2147483647;
			files = (
			);
			name = "[CP-User] [RNFB] Core Configuration";
			runOnlyForDeploymentPostprocessing = 0;
			shellPath = /bin/sh;
			shellScript = "#!/usr/bin/env bash\n#\n# Copyright (c) 2016-present Invertase Limited & Contributors\n#\n# Licensed under the Apache License, Version 2.0 (the \"License\");\n# you may not use this library except in compliance with the License.\n# You may obtain a copy of the License at\n#\n#   http://www.apache.org/licenses/LICENSE-2.0\n#\n# Unless required by applicable law or agreed to in writing, software\n# distributed under the License is distributed on an \"AS IS\" BASIS,\n# WITHOUT WARRANTIES OR CONDITIONS OF ANY KIND, either express or implied.\n# See the License for the specific language governing permissions and\n# limitations under the License.\n#\nset -e\n\n_MAX_LOOKUPS=2;\n_SEARCH_RESULT=''\n_RN_ROOT_EXISTS=''\n_CURRENT_LOOKUPS=1\n_JSON_ROOT=\"'react-native'\"\n_JSON_FILE_NAME='firebase.json'\n_JSON_OUTPUT_BASE64='e30=' # { }\n_CURRENT_SEARCH_DIR=${PROJECT_DIR}\n_PLIST_BUDDY=/usr/libexec/PlistBuddy\n_TARGET_PLIST=\"${BUILT_PRODUCTS_DIR}/${INFOPLIST_PATH}\"\n_DSYM_PLIST=\"${DWARF_DSYM_FOLDER_PATH}/${DWARF_DSYM_FILE_NAME}/Contents/Info.plist\"\n\n# plist arrays\n_PLIST_ENTRY_KEYS=()\n_PLIST_ENTRY_TYPES=()\n_PLIST_ENTRY_VALUES=()\n\nfunction setPlistValue {\n  echo \"info:      setting plist entry '$1' of type '$2' in file '$4'\"\n  ${_PLIST_BUDDY} -c \"Add :$1 $2 '$3'\" $4 || echo \"info:      '$1' already exists\"\n}\n\nfunction getFirebaseJsonKeyValue () {\n  if [[ ${_RN_ROOT_EXISTS} ]]; then\n    ruby -e \"require 'rubygems';require 'json'; output=JSON.parse('$1'); puts output[$_JSON_ROOT]['$2']\"\n  else\n    echo \"\"\n  fi;\n}\n\nfunction jsonBoolToYesNo () {\n  if [[ $1 == \"false\" ]]; then\n    echo \"NO\"\n  elif [[ $1 == \"true\" ]]; then\n    echo \"YES\"\n  else echo \"NO\"\n  fi\n}\n\necho \"info: -> RNFB build script started\"\necho \"info: 1) Locating ${_JSON_FILE_NAME} file:\"\n\nif [[ -z ${_CURRENT_SEARCH_DIR} ]]; then\n  _CURRENT_SEARCH_DIR=$(pwd)\nfi;\n\nwhile true; do\n  _CURRENT_SEARCH_DIR=$(dirname \"$_CURRENT_SEARCH_DIR\")\n  if [[ \"$_CURRENT_SEARCH_DIR\" == \"/\" ]] || [[ ${_CURRENT_LOOKUPS} -gt ${_MAX_LOOKUPS} ]]; then break; fi;\n  echo \"info:      ($_CURRENT_LOOKUPS of $_MAX_LOOKUPS) Searching in '$_CURRENT_SEARCH_DIR' for a ${_JSON_FILE_NAME} file.\"\n  _SEARCH_RESULT=$(find \"$_CURRENT_SEARCH_DIR\" -maxdepth 2 -name ${_JSON_FILE_NAME} -print | head -n 1)\n  if [[ ${_SEARCH_RESULT} ]]; then\n    echo \"info:      ${_JSON_FILE_NAME} found at $_SEARCH_RESULT\"\n    break;\n  fi;\n  _CURRENT_LOOKUPS=$((_CURRENT_LOOKUPS+1))\ndone\n\nif [[ ${_SEARCH_RESULT} ]]; then\n  _JSON_OUTPUT_RAW=$(cat \"${_SEARCH_RESULT}\")\n  _RN_ROOT_EXISTS=$(ruby -e \"require 'rubygems';require 'json'; output=JSON.parse('$_JSON_OUTPUT_RAW'); puts output[$_JSON_ROOT]\" || echo '')\n\n  if [[ ${_RN_ROOT_EXISTS} ]]; then\n    _JSON_OUTPUT_BASE64=$(python -c 'import json,sys,base64;print(base64.b64encode(json.dumps(json.loads(open('\"'${_SEARCH_RESULT}'\"').read())['${_JSON_ROOT}'])))' || echo \"e30=\")\n  fi\n\n  _PLIST_ENTRY_KEYS+=(\"firebase_json_raw\")\n  _PLIST_ENTRY_TYPES+=(\"string\")\n  _PLIST_ENTRY_VALUES+=(\"$_JSON_OUTPUT_BASE64\")\n\n  # config.messaging_auto_init_enabled\n  _MESSAGING_AUTO_INIT=$(getFirebaseJsonKeyValue \"$_JSON_OUTPUT_RAW\" \"messaging_auto_init_enabled\")\n  if [[ $_MESSAGING_AUTO_INIT ]]; then\n    _PLIST_ENTRY_KEYS+=(\"FirebaseMessagingAutoInitEnabled\")\n    _PLIST_ENTRY_TYPES+=(\"bool\")\n    _PLIST_ENTRY_VALUES+=(\"$(jsonBoolToYesNo \"$_MESSAGING_AUTO_INIT\")\")\n  fi\n\n  # config.crashlytics_disable_auto_disabler - undocumented for now - mainly for debugging, document if becomes usful\n  _CRASHLYTICS_AUTO_DISABLE_ENABLED=$(getFirebaseJsonKeyValue \"$_JSON_OUTPUT_RAW\" \"crashlytics_disable_auto_disabler\")\n  if [[ $_CRASHLYTICS_AUTO_DISABLE_ENABLED == \"true\" ]]; then\n    echo \"Disabled Crashlytics auto disabler.\" # do nothing\n  else\n    _PLIST_ENTRY_KEYS+=(\"firebase_crashlytics_collection_enabled\")\n    _PLIST_ENTRY_TYPES+=(\"bool\")\n    _PLIST_ENTRY_VALUES+=(\"NO\")\n  fi\n\n  # config.admob_delay_app_measurement_init\n  _ADMOB_DELAY_APP_MEASUREMENT=$(getFirebaseJsonKeyValue \"$_JSON_OUTPUT_RAW\" \"admob_delay_app_measurement_init\")\n  if [[ $_ADMOB_DELAY_APP_MEASUREMENT == \"true\" ]]; then\n    _PLIST_ENTRY_KEYS+=(\"GADDelayAppMeasurementInit\")\n    _PLIST_ENTRY_TYPES+=(\"bool\")\n    _PLIST_ENTRY_VALUES+=(\"YES\")\n  fi\n\n  # config.admob_ios_app_id\n  _ADMOB_IOS_APP_ID=$(getFirebaseJsonKeyValue \"$_JSON_OUTPUT_RAW\" \"admob_ios_app_id\")\n  if [[ $_ADMOB_IOS_APP_ID ]]; then\n    _PLIST_ENTRY_KEYS+=(\"GADApplicationIdentifier\")\n    _PLIST_ENTRY_TYPES+=(\"string\")\n    _PLIST_ENTRY_VALUES+=(\"$_ADMOB_IOS_APP_ID\")\n  fi\nelse\n  _PLIST_ENTRY_KEYS+=(\"firebase_json_raw\")\n  _PLIST_ENTRY_TYPES+=(\"string\")\n  _PLIST_ENTRY_VALUES+=(\"$_JSON_OUTPUT_BASE64\")\n  echo \"warning:   A firebase.json file was not found, whilst this file is optional it is recommended to include it to configure firebase services in React Native Firebase.\"\nfi;\n\necho \"info: 2) Injecting Info.plist entries: \"\n\n# Log out the keys we're adding\nfor i in \"${!_PLIST_ENTRY_KEYS[@]}\"; do\n  echo \"    ->  $i) ${_PLIST_ENTRY_KEYS[$i]}\" \"${_PLIST_ENTRY_TYPES[$i]}\" \"${_PLIST_ENTRY_VALUES[$i]}\"\ndone\n\nfor plist in \"${_TARGET_PLIST}\" \"${_DSYM_PLIST}\" ; do\n  if [[ -f \"${plist}\" ]]; then\n\n    # paths with spaces break the call to setPlistValue. temporarily modify\n    # the shell internal field separator variable (IFS), which normally \n    # includes spaces, to consist only of line breaks\n    oldifs=$IFS\n    IFS=\"\n\"\n\n    for i in \"${!_PLIST_ENTRY_KEYS[@]}\"; do\n      setPlistValue \"${_PLIST_ENTRY_KEYS[$i]}\" \"${_PLIST_ENTRY_TYPES[$i]}\" \"${_PLIST_ENTRY_VALUES[$i]}\" \"${plist}\"\n    done\n\n    # restore the original internal field separator value\n    IFS=$oldifs\n  else\n    echo \"warning:   A Info.plist build output file was not found (${plist})\"\n  fi\ndone\n\necho \"info: <- RNFB build script finished\"\n\n";
		};
		A4451ED5032E4036E311CE0C /* [CP-User] [RNFB] Crashlytics Configuration */ = {
			isa = PBXShellScriptBuildPhase;
			buildActionMask = 2147483647;
			files = (
			);
			name = "[CP-User] [RNFB] Crashlytics Configuration";
			runOnlyForDeploymentPostprocessing = 0;
			shellPath = /bin/sh;
			shellScript = "#!/usr/bin/env bash\n#\n# Copyright (c) 2016-present Invertase Limited & Contributors\n#\n# Licensed under the Apache License, Version 2.0 (the \"License\");\n# you may not use this library except in compliance with the License.\n# You may obtain a copy of the License at\n#\n#   http://www.apache.org/licenses/LICENSE-2.0\n#\n# Unless required by applicable law or agreed to in writing, software\n# distributed under the License is distributed on an \"AS IS\" BASIS,\n# WITHOUT WARRANTIES OR CONDITIONS OF ANY KIND, either express or implied.\n# See the License for the specific language governing permissions and\n# limitations under the License.\n#\nset -e\n\nif [[ ${PODS_ROOT} ]]; then\n  echo \"info: Exec Fabric Run from Pods\"\n  \"${PODS_ROOT}/Fabric/run\"\nelse\n  echo \"info: Exec Fabric Run from framework\"\n  \"${PROJECT_DIR}/Fabric.framework/run\"\nfi\n";
		};
		B2BF48CC79AEFAAAA7A76369 /* [CP] Check Pods Manifest.lock */ = {
			isa = PBXShellScriptBuildPhase;
			buildActionMask = 2147483647;
			files = (
			);
			inputFileListPaths = (
			);
			inputPaths = (
				"${PODS_PODFILE_DIR_PATH}/Podfile.lock",
				"${PODS_ROOT}/Manifest.lock",
			);
			name = "[CP] Check Pods Manifest.lock";
			outputFileListPaths = (
			);
			outputPaths = (
				"$(DERIVED_FILE_DIR)/Pods-Rainbow-checkManifestLockResult.txt",
			);
			runOnlyForDeploymentPostprocessing = 0;
			shellPath = /bin/sh;
			shellScript = "diff \"${PODS_PODFILE_DIR_PATH}/Podfile.lock\" \"${PODS_ROOT}/Manifest.lock\" > /dev/null\nif [ $? != 0 ] ; then\n    # print error to STDERR\n    echo \"error: The sandbox is not in sync with the Podfile.lock. Run 'pod install' or update your CocoaPods installation.\" >&2\n    exit 1\nfi\n# This output is used by Xcode 'outputs' to avoid re-running this script phase.\necho \"SUCCESS\" > \"${SCRIPT_OUTPUT_FILE_0}\"\n";
			showEnvVarsInLog = 0;
		};
/* End PBXShellScriptBuildPhase section */

/* Begin PBXSourcesBuildPhase section */
		13B07F871A680F5B00A75B9A /* Sources */ = {
			isa = PBXSourcesBuildPhase;
			buildActionMask = 2147483647;
			files = (
				13B07FBC1A68108700A75B9A /* AppDelegate.m in Sources */,
				3CBE29CD2381E43900BE05AC /* Dummy.swift in Sources */,
				13B07FC11A68108700A75B9A /* main.m in Sources */,
				A49B52B623DB5D5600A00918 /* TransactionViewModelProtocol.swift in Sources */,
				A4F8DACB23DF85DF00560E47 /* TransactionListBaseCell.swift in Sources */,
				A49B52C023DCCDA800A00918 /* TransactionRequestSection.swift in Sources */,
				A4704B4823C546DA00E50E4B /* TransactionListViewCell.swift in Sources */,
				A485E61423C8ED6000E5C3D4 /* TransactionListViewHeader.swift in Sources */,
				A49B52B423DB5D1100A00918 /* TransactionViewModelTransactionItem.swift in Sources */,
				66FEC91623EDA14000A0F367 /* RoundedCornerView.swift in Sources */,
				A477567E23DB3A85005AE8FD /* TransactionListViewManager.m in Sources */,
				A477567C23DB2FAA005AE8FD /* Transaction.swift in Sources */,
				A4277DA323CFE85F0042BAF4 /* Theme.swift in Sources */,
				A4277D9F23CBD1910042BAF4 /* Extensions.swift in Sources */,
				A4D04BAC23D12FD5008C1DEC /* ButtonManager.m in Sources */,
				A49B52B823DB5F7200A00918 /* TransactionViewModelTransactionRequestItem.swift in Sources */,
				A44A4EEE23EC928900B543F1 /* CoinIconWithProgressBar.swift in Sources */,
				A4AF3CD023DA3A0F00F230F3 /* TransactionListRequestViewCell.swift in Sources */,
				A4D04BA923D12F99008C1DEC /* Button.swift in Sources */,
				A4704B4923C546DA00E50E4B /* TransactionListView.swift in Sources */,
				A49B52BC23DBA61200A00918 /* TransactionData.swift in Sources */,
				A49B52AF23DB411900A00918 /* TransactionRequest.swift in Sources */,
				A49B52BA23DB61E600A00918 /* TransactionViewModel.swift in Sources */,
				A49B52C223DCD11D00A00918 /* TransactionSection.swift in Sources */,
			);
			runOnlyForDeploymentPostprocessing = 0;
		};
/* End PBXSourcesBuildPhase section */

/* Begin PBXVariantGroup section */
		13B07FB11A68108700A75B9A /* LaunchScreen.xib */ = {
			isa = PBXVariantGroup;
			children = (
				13B07FB21A68108700A75B9A /* Base */,
			);
			name = LaunchScreen.xib;
			path = Rainbow;
			sourceTree = "<group>";
		};
/* End PBXVariantGroup section */

/* Begin XCBuildConfiguration section */
		13B07F941A680F5B00A75B9A /* Debug */ = {
			isa = XCBuildConfiguration;
			baseConfigurationReference = 466CDCBFE61F83D2AE1C7410 /* Pods-Rainbow.debug.xcconfig */;
			buildSettings = {
				ASSETCATALOG_COMPILER_APPICON_NAME = AppIcon;
				ASSETCATALOG_COMPILER_OPTIMIZATION = time;
				CLANG_ENABLE_MODULES = YES;
				CODE_SIGN_ENTITLEMENTS = Rainbow/Rainbow.entitlements;
				CODE_SIGN_IDENTITY = "Apple Development";
				CODE_SIGN_STYLE = Automatic;
				COPY_PHASE_STRIP = YES;
				CURRENT_PROJECT_VERSION = 1;
				DEAD_CODE_STRIPPING = NO;
				DEBUG_INFORMATION_FORMAT = dwarf;
				DEVELOPMENT_TEAM = L74NQAQB8H;
				FRAMEWORK_SEARCH_PATHS = (
					"$(inherited)",
					"$(PROJECT_DIR)/Frameworks",
				);
				GCC_PRECOMPILE_PREFIX_HEADER = NO;
				GCC_UNROLL_LOOPS = NO;
				HEADER_SEARCH_PATHS = (
					"$(inherited)",
					"$(PROJECT_DIR)/Frameworks",
					"$(SRCROOT)/../node_modules/react-native-tooltip/ToolTipMenu",
					"$(SRCROOT)/../node_modules/react-native-code-push/ios/**",
					"$(SRCROOT)/../node_modules/@ledgerhq/react-native-passcode-auth",
					"$(SRCROOT)/../node_modules/react-native-firebase/ios/RNFirebase/**",
					"$(SRCROOT)/../node_modules/react-native/Libraries/LinkingIOS/**",
					"$(SRCROOT)/../node_modules/react-native-text-input-mask/ios/**",
				);
				INFOPLIST_FILE = Rainbow/Info.plist;
				IPHONEOS_DEPLOYMENT_TARGET = 11.0;
				LD_RUNPATH_SEARCH_PATHS = "$(inherited) @executable_path/Frameworks";
				LIBRARY_SEARCH_PATHS = (
					"$(inherited)",
					"$(PROJECT_DIR)",
					"\"$(SRCROOT)/Rainbow\"",
				);
				LLVM_LTO = YES;
				MARKETING_VERSION = 1.2.7;
				OTHER_LDFLAGS = (
					"$(inherited)",
					"-ObjC",
					"-lc++",
				);
				PRODUCT_BUNDLE_IDENTIFIER = me.rainbow;
				PRODUCT_NAME = Rainbow;
				PROVISIONING_PROFILE = "";
				PROVISIONING_PROFILE_SPECIFIER = "";
				SWIFT_OBJC_BRIDGING_HEADER = "Rainbow-Bridging-Header.h";
				SWIFT_OPTIMIZATION_LEVEL = "-Onone";
				SWIFT_VERSION = 5.0;
				VERSIONING_SYSTEM = "apple-generic";
			};
			name = Debug;
		};
		13B07F951A680F5B00A75B9A /* Release */ = {
			isa = XCBuildConfiguration;
			baseConfigurationReference = 11CCA3399B351ABE3E5296FE /* Pods-Rainbow.release.xcconfig */;
			buildSettings = {
				ASSETCATALOG_COMPILER_APPICON_NAME = AppIcon;
				ASSETCATALOG_COMPILER_OPTIMIZATION = "";
				CLANG_ENABLE_MODULES = YES;
				CODEPUSH_KEY = "CHq9hB40PBZqHTxL-f-Wd_rK4anl1e7a8912-936f-4ce7-8505-32a075039f51";
				CODE_SIGN_ENTITLEMENTS = Rainbow/Rainbow.entitlements;
				CODE_SIGN_IDENTITY = "Apple Development";
				CODE_SIGN_STYLE = Automatic;
				CURRENT_PROJECT_VERSION = 1;
				DEBUG_INFORMATION_FORMAT = "dwarf-with-dsym";
				DEVELOPMENT_TEAM = L74NQAQB8H;
				FRAMEWORK_SEARCH_PATHS = (
					"$(inherited)",
					"$(PROJECT_DIR)/Frameworks",
				);
				GCC_PRECOMPILE_PREFIX_HEADER = YES;
				GCC_UNROLL_LOOPS = YES;
				HEADER_SEARCH_PATHS = (
					"$(inherited)",
					"$(PROJECT_DIR)/Frameworks",
					"$(SRCROOT)/../node_modules/react-native-tooltip/ToolTipMenu",
					"$(SRCROOT)/../node_modules/react-native-code-push/ios/**",
					"$(SRCROOT)/../node_modules/@ledgerhq/react-native-passcode-auth",
					"$(SRCROOT)/../node_modules/react-native-firebase/ios/RNFirebase/**",
					"$(SRCROOT)/../node_modules/react-native/Libraries/LinkingIOS/**",
					"$(SRCROOT)/../node_modules/react-native-text-input-mask/ios/**",
				);
				INFOPLIST_FILE = Rainbow/Info.plist;
				IPHONEOS_DEPLOYMENT_TARGET = 11.0;
				LD_RUNPATH_SEARCH_PATHS = "$(inherited) @executable_path/Frameworks";
				LIBRARY_SEARCH_PATHS = (
					"$(inherited)",
					"$(PROJECT_DIR)",
					"\"$(SRCROOT)/Rainbow\"",
				);
				LLVM_LTO = YES;
				MARKETING_VERSION = 1.2.7;
				OTHER_LDFLAGS = (
					"$(inherited)",
					"-ObjC",
					"-lc++",
				);
				PRODUCT_BUNDLE_IDENTIFIER = me.rainbow;
				PRODUCT_NAME = Rainbow;
				PROVISIONING_PROFILE = "";
				PROVISIONING_PROFILE_SPECIFIER = "";
				SWIFT_OBJC_BRIDGING_HEADER = "Rainbow-Bridging-Header.h";
				SWIFT_VERSION = 5.0;
				VERSIONING_SYSTEM = "apple-generic";
			};
			name = Release;
		};
		2C6A799721127ED9003AFB37 /* Staging */ = {
			isa = XCBuildConfiguration;
			buildSettings = {
				ALWAYS_SEARCH_USER_PATHS = NO;
				CLANG_CXX_LANGUAGE_STANDARD = "gnu++0x";
				CLANG_CXX_LIBRARY = "libc++";
				CLANG_ENABLE_MODULES = YES;
				CLANG_ENABLE_OBJC_ARC = YES;
				CLANG_WARN_BOOL_CONVERSION = YES;
				CLANG_WARN_CONSTANT_CONVERSION = YES;
				CLANG_WARN_DIRECT_OBJC_ISA_USAGE = YES_ERROR;
				CLANG_WARN_EMPTY_BODY = YES;
				CLANG_WARN_ENUM_CONVERSION = YES;
				CLANG_WARN_INT_CONVERSION = YES;
				CLANG_WARN_OBJC_ROOT_CLASS = YES_ERROR;
				CLANG_WARN_UNREACHABLE_CODE = YES;
				CLANG_WARN__DUPLICATE_METHOD_MATCH = YES;
				CODEPUSH_KEY = "<STAGING_DEPLOYMENT_KEY>";
				"CODE_SIGN_IDENTITY[sdk=iphoneos*]" = "iPhone Developer";
				CONFIGURATION_BUILD_DIR = "$(BUILD_DIR)/Release$(EFFECTIVE_PLATFORM_NAME)";
				COPY_PHASE_STRIP = YES;
				ENABLE_NS_ASSERTIONS = NO;
				ENABLE_STRICT_OBJC_MSGSEND = YES;
				GCC_C_LANGUAGE_STANDARD = gnu99;
				GCC_WARN_64_TO_32_BIT_CONVERSION = YES;
				GCC_WARN_ABOUT_RETURN_TYPE = YES_ERROR;
				GCC_WARN_UNDECLARED_SELECTOR = YES;
				GCC_WARN_UNINITIALIZED_AUTOS = YES_AGGRESSIVE;
				GCC_WARN_UNUSED_FUNCTION = YES;
				GCC_WARN_UNUSED_VARIABLE = YES;
				IPHONEOS_DEPLOYMENT_TARGET = 9.0;
				MTL_ENABLE_DEBUG_INFO = NO;
				SDKROOT = iphoneos;
				VALIDATE_PRODUCT = YES;
			};
			name = Staging;
		};
		2C6A799821127ED9003AFB37 /* Staging */ = {
			isa = XCBuildConfiguration;
			baseConfigurationReference = A8846B6B5BC96732D5A4A107 /* Pods-Rainbow.staging.xcconfig */;
			buildSettings = {
				ASSETCATALOG_COMPILER_APPICON_NAME = AppIcon;
				ASSETCATALOG_COMPILER_OPTIMIZATION = "";
				CLANG_ENABLE_MODULES = YES;
				CODEPUSH_KEY = "Xf8eimmB0-W22TRNCwL9tZNO9xev1e7a8912-936f-4ce7-8505-32a075039f51";
				CODE_SIGN_ENTITLEMENTS = Rainbow/Rainbow.entitlements;
				CODE_SIGN_IDENTITY = "Apple Development";
				CODE_SIGN_STYLE = Automatic;
				CURRENT_PROJECT_VERSION = 1;
				DEBUG_INFORMATION_FORMAT = "dwarf-with-dsym";
				DEVELOPMENT_TEAM = L74NQAQB8H;
				FRAMEWORK_SEARCH_PATHS = (
					"$(inherited)",
					"$(PROJECT_DIR)/Frameworks",
				);
				GCC_PRECOMPILE_PREFIX_HEADER = YES;
				GCC_UNROLL_LOOPS = YES;
				HEADER_SEARCH_PATHS = (
					"$(inherited)",
					"$(PROJECT_DIR)/Frameworks",
					"$(SRCROOT)/../node_modules/react-native-tooltip/ToolTipMenu",
					"$(SRCROOT)/../node_modules/react-native-code-push/ios/**",
					"$(SRCROOT)/../node_modules/@ledgerhq/react-native-passcode-auth",
					"$(SRCROOT)/../node_modules/react-native-firebase/ios/RNFirebase/**",
					"$(SRCROOT)/../node_modules/react-native-text-input-mask/ios/**",
				);
				INFOPLIST_FILE = Rainbow/Info.plist;
				IPHONEOS_DEPLOYMENT_TARGET = 11.0;
				LD_RUNPATH_SEARCH_PATHS = "$(inherited) @executable_path/Frameworks";
				LIBRARY_SEARCH_PATHS = (
					"$(inherited)",
					"$(PROJECT_DIR)",
					"\"$(SRCROOT)/Rainbow\"",
				);
				LLVM_LTO = YES;
				MARKETING_VERSION = 1.2.7;
				OTHER_LDFLAGS = (
					"$(inherited)",
					"-ObjC",
					"-lc++",
				);
				PRODUCT_BUNDLE_IDENTIFIER = me.rainbow;
				PRODUCT_NAME = Rainbow;
				PROVISIONING_PROFILE = "";
				PROVISIONING_PROFILE_SPECIFIER = "";
				SWIFT_OBJC_BRIDGING_HEADER = "Rainbow-Bridging-Header.h";
				SWIFT_VERSION = 5.0;
				VERSIONING_SYSTEM = "apple-generic";
			};
			name = Staging;
		};
		2C87B7992197FA1900682EC4 /* LocalRelease */ = {
			isa = XCBuildConfiguration;
			buildSettings = {
				ALWAYS_SEARCH_USER_PATHS = NO;
				CLANG_CXX_LANGUAGE_STANDARD = "gnu++0x";
				CLANG_CXX_LIBRARY = "libc++";
				CLANG_ENABLE_MODULES = YES;
				CLANG_ENABLE_OBJC_ARC = YES;
				CLANG_WARN_BOOL_CONVERSION = YES;
				CLANG_WARN_CONSTANT_CONVERSION = YES;
				CLANG_WARN_DIRECT_OBJC_ISA_USAGE = YES_ERROR;
				CLANG_WARN_EMPTY_BODY = YES;
				CLANG_WARN_ENUM_CONVERSION = YES;
				CLANG_WARN_INT_CONVERSION = YES;
				CLANG_WARN_OBJC_ROOT_CLASS = YES_ERROR;
				CLANG_WARN_UNREACHABLE_CODE = YES;
				CLANG_WARN__DUPLICATE_METHOD_MATCH = YES;
				CODEPUSH_KEY = "";
				"CODE_SIGN_IDENTITY[sdk=iphoneos*]" = "iPhone Developer";
				CONFIGURATION_BUILD_DIR = "$(BUILD_DIR)/Release$(EFFECTIVE_PLATFORM_NAME)";
				COPY_PHASE_STRIP = YES;
				ENABLE_NS_ASSERTIONS = NO;
				ENABLE_STRICT_OBJC_MSGSEND = YES;
				GCC_C_LANGUAGE_STANDARD = gnu99;
				GCC_PREPROCESSOR_DEFINITIONS = "LOCAL_RELEASE=1";
				GCC_WARN_64_TO_32_BIT_CONVERSION = YES;
				GCC_WARN_ABOUT_RETURN_TYPE = YES_ERROR;
				GCC_WARN_UNDECLARED_SELECTOR = YES;
				GCC_WARN_UNINITIALIZED_AUTOS = YES_AGGRESSIVE;
				GCC_WARN_UNUSED_FUNCTION = YES;
				GCC_WARN_UNUSED_VARIABLE = YES;
				IPHONEOS_DEPLOYMENT_TARGET = 9.0;
				MTL_ENABLE_DEBUG_INFO = NO;
				SDKROOT = iphoneos;
				VALIDATE_PRODUCT = YES;
			};
			name = LocalRelease;
		};
		2C87B79A2197FA1900682EC4 /* LocalRelease */ = {
			isa = XCBuildConfiguration;
			baseConfigurationReference = 2837FCCEA7D33A4F128B7574 /* Pods-Rainbow.localrelease.xcconfig */;
			buildSettings = {
				ASSETCATALOG_COMPILER_APPICON_NAME = AppIcon;
				ASSETCATALOG_COMPILER_OPTIMIZATION = time;
				CLANG_ENABLE_MODULES = YES;
				CODEPUSH_KEY = "";
				CODE_SIGN_ENTITLEMENTS = Rainbow/Rainbow.entitlements;
				CODE_SIGN_IDENTITY = "Apple Development";
				CODE_SIGN_STYLE = Automatic;
				CURRENT_PROJECT_VERSION = 1;
				DEBUG_INFORMATION_FORMAT = "dwarf-with-dsym";
				DEVELOPMENT_TEAM = L74NQAQB8H;
				FRAMEWORK_SEARCH_PATHS = (
					"$(inherited)",
					"$(PROJECT_DIR)/Frameworks",
				);
				GCC_PRECOMPILE_PREFIX_HEADER = YES;
				GCC_UNROLL_LOOPS = YES;
				HEADER_SEARCH_PATHS = (
					"$(inherited)",
					"$(PROJECT_DIR)/Frameworks",
					"$(SRCROOT)/../node_modules/react-native-tooltip/ToolTipMenu",
					"$(SRCROOT)/../node_modules/react-native-code-push/ios/**",
					"$(SRCROOT)/../node_modules/@ledgerhq/react-native-passcode-auth",
					"$(SRCROOT)/../node_modules/react-native-firebase/ios/RNFirebase/**",
					"$(SRCROOT)/../node_modules/react-native-text-input-mask/ios/**",
				);
				INFOPLIST_FILE = Rainbow/Info.plist;
				IPHONEOS_DEPLOYMENT_TARGET = 11.0;
				LD_RUNPATH_SEARCH_PATHS = "$(inherited) @executable_path/Frameworks";
				LIBRARY_SEARCH_PATHS = (
					"$(inherited)",
					"$(PROJECT_DIR)",
					"\"$(SRCROOT)/Rainbow\"",
				);
				LLVM_LTO = YES;
				MARKETING_VERSION = 1.2.7;
				OTHER_LDFLAGS = (
					"$(inherited)",
					"-ObjC",
					"-lc++",
				);
				PRODUCT_BUNDLE_IDENTIFIER = me.rainbow;
				PRODUCT_NAME = Rainbow;
				PROVISIONING_PROFILE = "";
				PROVISIONING_PROFILE_SPECIFIER = "";
				SWIFT_OBJC_BRIDGING_HEADER = "Rainbow-Bridging-Header.h";
				SWIFT_VERSION = 5.0;
				VERSIONING_SYSTEM = "apple-generic";
			};
			name = LocalRelease;
		};
		83CBBA201A601CBA00E9B192 /* Debug */ = {
			isa = XCBuildConfiguration;
			buildSettings = {
				ALWAYS_SEARCH_USER_PATHS = NO;
				CLANG_CXX_LANGUAGE_STANDARD = "gnu++0x";
				CLANG_CXX_LIBRARY = "libc++";
				CLANG_ENABLE_MODULES = YES;
				CLANG_ENABLE_OBJC_ARC = YES;
				CLANG_WARN_BOOL_CONVERSION = YES;
				CLANG_WARN_CONSTANT_CONVERSION = YES;
				CLANG_WARN_DIRECT_OBJC_ISA_USAGE = YES_ERROR;
				CLANG_WARN_EMPTY_BODY = YES;
				CLANG_WARN_ENUM_CONVERSION = YES;
				CLANG_WARN_INT_CONVERSION = YES;
				CLANG_WARN_OBJC_ROOT_CLASS = YES_ERROR;
				CLANG_WARN_UNREACHABLE_CODE = YES;
				CLANG_WARN__DUPLICATE_METHOD_MATCH = YES;
				CODEPUSH_KEY = "";
				"CODE_SIGN_IDENTITY[sdk=iphoneos*]" = "iPhone Developer";
				COPY_PHASE_STRIP = NO;
				ENABLE_STRICT_OBJC_MSGSEND = YES;
				GCC_C_LANGUAGE_STANDARD = gnu99;
				GCC_DYNAMIC_NO_PIC = NO;
				GCC_OPTIMIZATION_LEVEL = 0;
				GCC_PREPROCESSOR_DEFINITIONS = (
					"DEBUG=1",
					"$(inherited)",
				);
				GCC_SYMBOLS_PRIVATE_EXTERN = NO;
				GCC_WARN_64_TO_32_BIT_CONVERSION = YES;
				GCC_WARN_ABOUT_RETURN_TYPE = YES_ERROR;
				GCC_WARN_UNDECLARED_SELECTOR = YES;
				GCC_WARN_UNINITIALIZED_AUTOS = YES_AGGRESSIVE;
				GCC_WARN_UNUSED_FUNCTION = YES;
				GCC_WARN_UNUSED_VARIABLE = YES;
				IPHONEOS_DEPLOYMENT_TARGET = 9.0;
				MTL_ENABLE_DEBUG_INFO = YES;
				ONLY_ACTIVE_ARCH = YES;
				SDKROOT = iphoneos;
			};
			name = Debug;
		};
		83CBBA211A601CBA00E9B192 /* Release */ = {
			isa = XCBuildConfiguration;
			buildSettings = {
				ALWAYS_SEARCH_USER_PATHS = NO;
				CLANG_CXX_LANGUAGE_STANDARD = "gnu++0x";
				CLANG_CXX_LIBRARY = "libc++";
				CLANG_ENABLE_MODULES = YES;
				CLANG_ENABLE_OBJC_ARC = YES;
				CLANG_WARN_BOOL_CONVERSION = YES;
				CLANG_WARN_CONSTANT_CONVERSION = YES;
				CLANG_WARN_DIRECT_OBJC_ISA_USAGE = YES_ERROR;
				CLANG_WARN_EMPTY_BODY = YES;
				CLANG_WARN_ENUM_CONVERSION = YES;
				CLANG_WARN_INT_CONVERSION = YES;
				CLANG_WARN_OBJC_ROOT_CLASS = YES_ERROR;
				CLANG_WARN_UNREACHABLE_CODE = YES;
				CLANG_WARN__DUPLICATE_METHOD_MATCH = YES;
				CODEPUSH_KEY = "<PRODUCTION_DEPLOYMENT_KEY>";
				"CODE_SIGN_IDENTITY[sdk=iphoneos*]" = "iPhone Developer";
				COPY_PHASE_STRIP = YES;
				ENABLE_NS_ASSERTIONS = NO;
				ENABLE_STRICT_OBJC_MSGSEND = YES;
				GCC_C_LANGUAGE_STANDARD = gnu99;
				GCC_WARN_64_TO_32_BIT_CONVERSION = YES;
				GCC_WARN_ABOUT_RETURN_TYPE = YES_ERROR;
				GCC_WARN_UNDECLARED_SELECTOR = YES;
				GCC_WARN_UNINITIALIZED_AUTOS = YES_AGGRESSIVE;
				GCC_WARN_UNUSED_FUNCTION = YES;
				GCC_WARN_UNUSED_VARIABLE = YES;
				IPHONEOS_DEPLOYMENT_TARGET = 9.0;
				MTL_ENABLE_DEBUG_INFO = NO;
				SDKROOT = iphoneos;
				VALIDATE_PRODUCT = YES;
			};
			name = Release;
		};
/* End XCBuildConfiguration section */

/* Begin XCConfigurationList section */
		13B07F931A680F5B00A75B9A /* Build configuration list for PBXNativeTarget "Rainbow" */ = {
			isa = XCConfigurationList;
			buildConfigurations = (
				13B07F941A680F5B00A75B9A /* Debug */,
				13B07F951A680F5B00A75B9A /* Release */,
				2C87B79A2197FA1900682EC4 /* LocalRelease */,
				2C6A799821127ED9003AFB37 /* Staging */,
			);
			defaultConfigurationIsVisible = 0;
			defaultConfigurationName = Release;
		};
		83CBB9FA1A601CBA00E9B192 /* Build configuration list for PBXProject "Rainbow" */ = {
			isa = XCConfigurationList;
			buildConfigurations = (
				83CBBA201A601CBA00E9B192 /* Debug */,
				83CBBA211A601CBA00E9B192 /* Release */,
				2C87B7992197FA1900682EC4 /* LocalRelease */,
				2C6A799721127ED9003AFB37 /* Staging */,
			);
			defaultConfigurationIsVisible = 0;
			defaultConfigurationName = Release;
		};
/* End XCConfigurationList section */
	};
	rootObject = 83CBB9F71A601CBA00E9B192 /* Project object */;
}
