# This file is generated by running "yarn install" inside your project.
# Manual changes might be lost - proceed with caution!

__metadata:
  version: 8
  cacheKey: 10c0

"@babel/code-frame@npm:^7.10.4":
  version: 7.10.4
  resolution: "@babel/code-frame@npm:7.10.4"
  dependencies:
    "@babel/highlight": "npm:^7.10.4"
  checksum: 10c0/69e0f52986a1f40231d891224f420436629b6678711b68c088e97b7bdba1607aeb5eb9cfb070275c433f0bf43c37c134845db80d1cdbf5ac88a69b0bdcce9402
  languageName: node
  linkType: hard

"@babel/core@npm:^7.11.4":
  version: 7.11.6
  resolution: "@babel/core@npm:7.11.6"
  dependencies:
    "@babel/code-frame": "npm:^7.10.4"
    "@babel/generator": "npm:^7.11.6"
    "@babel/helper-module-transforms": "npm:^7.11.0"
    "@babel/helpers": "npm:^7.10.4"
    "@babel/parser": "npm:^7.11.5"
    "@babel/template": "npm:^7.10.4"
    "@babel/traverse": "npm:^7.11.5"
    "@babel/types": "npm:^7.11.5"
    convert-source-map: "npm:^1.7.0"
    debug: "npm:^4.1.0"
    gensync: "npm:^1.0.0-beta.1"
    json5: "npm:^2.1.2"
    lodash: "npm:^4.17.19"
    resolve: "npm:^1.3.2"
    semver: "npm:^5.4.1"
    source-map: "npm:^0.5.0"
  checksum: 10c0/bcaaf394d274d0de7a4d189df0cd7460efb46b5e16dfc957bb6627b9d794644d6a3bfe2542fc62cb1007b6e7c7d4770e83bbeacae6bc2281300c00b1f5fd4c14
  languageName: node
  linkType: hard

"@babel/generator@npm:^7.11.5, @babel/generator@npm:^7.11.6":
  version: 7.11.6
  resolution: "@babel/generator@npm:7.11.6"
  dependencies:
    "@babel/types": "npm:^7.11.5"
    jsesc: "npm:^2.5.1"
    source-map: "npm:^0.5.0"
  checksum: 10c0/0050faaddc7111644e0d852289f654fae65155073f1596c3ea8301ba4a4f2ca2870fc7647897cb2849c3831dbef0679338ff45a58091ac57a523bc1344742b43
  languageName: node
  linkType: hard

"@babel/helper-function-name@npm:^7.10.4":
  version: 7.10.4
  resolution: "@babel/helper-function-name@npm:7.10.4"
  dependencies:
    "@babel/helper-get-function-arity": "npm:^7.10.4"
    "@babel/template": "npm:^7.10.4"
    "@babel/types": "npm:^7.10.4"
  checksum: 10c0/3de73077cc789809d1265154a20e8710043955a949446539f5d27c615ba03065227de4a129dcf4f6ded397d66147a074d622f81e49bb6436aeb8e2cb198fdec0
  languageName: node
  linkType: hard

"@babel/helper-get-function-arity@npm:^7.10.4":
  version: 7.10.4
  resolution: "@babel/helper-get-function-arity@npm:7.10.4"
  dependencies:
    "@babel/types": "npm:^7.10.4"
  checksum: 10c0/c8cac1968e79d127692f186a778599f84a2037a6778cd1891f5e4b0b3df8dc0570aabe3fa0d51705c5c9a25762696a9acad1cba751c8373b33c594ee1d00a7f4
  languageName: node
  linkType: hard

"@babel/helper-member-expression-to-functions@npm:^7.10.4":
  version: 7.11.0
  resolution: "@babel/helper-member-expression-to-functions@npm:7.11.0"
  dependencies:
    "@babel/types": "npm:^7.11.0"
  checksum: 10c0/ba8724c4e7055b4771aa02d9d18fa03627881e47df4ec1de99e683d589c06465728cc62f43f92956362e4103ac95b8a317d56f0f9f33f536d215f0e887c5647f
  languageName: node
  linkType: hard

"@babel/helper-module-imports@npm:^7.10.4":
  version: 7.10.4
  resolution: "@babel/helper-module-imports@npm:7.10.4"
  dependencies:
    "@babel/types": "npm:^7.10.4"
  checksum: 10c0/8f22f1f9e7628f2cfd4d3961388db05f16329df0310317f55cfc93f7dac648a45bce5e2680353a33161e0bf6dba8241fcd6827a2e7a2607a82f3798dadcada06
  languageName: node
  linkType: hard

"@babel/helper-module-transforms@npm:^7.11.0":
  version: 7.11.0
  resolution: "@babel/helper-module-transforms@npm:7.11.0"
  dependencies:
    "@babel/helper-module-imports": "npm:^7.10.4"
    "@babel/helper-replace-supers": "npm:^7.10.4"
    "@babel/helper-simple-access": "npm:^7.10.4"
    "@babel/helper-split-export-declaration": "npm:^7.11.0"
    "@babel/template": "npm:^7.10.4"
    "@babel/types": "npm:^7.11.0"
    lodash: "npm:^4.17.19"
  checksum: 10c0/0bdfd5a6bcd9550b0979f3c81b6f13e2307d1f583698f0696a96bfa7a164a6b8b4c74b2b1b512d33f4807c82d381dd42f588315bc0798bd68d80d0b090f495f0
  languageName: node
  linkType: hard

"@babel/helper-optimise-call-expression@npm:^7.10.4":
  version: 7.10.4
  resolution: "@babel/helper-optimise-call-expression@npm:7.10.4"
  dependencies:
    "@babel/types": "npm:^7.10.4"
  checksum: 10c0/c5b78d1801ecc7a03317dd180d1f736f7e872a3d130b3ee8e461cbc981092a365583f976f38d414c73204759738cd6c5f79868e18eaf1fa408c51e1a69e150be
  languageName: node
  linkType: hard

"@babel/helper-replace-supers@npm:^7.10.4":
  version: 7.10.4
  resolution: "@babel/helper-replace-supers@npm:7.10.4"
  dependencies:
    "@babel/helper-member-expression-to-functions": "npm:^7.10.4"
    "@babel/helper-optimise-call-expression": "npm:^7.10.4"
    "@babel/traverse": "npm:^7.10.4"
    "@babel/types": "npm:^7.10.4"
  checksum: 10c0/98d2f4cc9cc3e7f21abfaabc9447f3147a053eb7f394bb3ec5a2537356b4745b38aaccc4c504ee5907197ddfad2e1e23758c5c64f81022d96557f4e399eeb863
  languageName: node
  linkType: hard

"@babel/helper-simple-access@npm:^7.10.4":
  version: 7.10.4
  resolution: "@babel/helper-simple-access@npm:7.10.4"
  dependencies:
    "@babel/template": "npm:^7.10.4"
    "@babel/types": "npm:^7.10.4"
  checksum: 10c0/f27b09deadef7f2c57765d7e865f36b74f255f3ef3d5396e8229496aebe18a97bbfcbafb7617c301b91b365c51f3454e96ed8965138aa2ad45652740b031af4a
  languageName: node
  linkType: hard

"@babel/helper-split-export-declaration@npm:^7.11.0":
  version: 7.11.0
  resolution: "@babel/helper-split-export-declaration@npm:7.11.0"
  dependencies:
    "@babel/types": "npm:^7.11.0"
  checksum: 10c0/a17a2612f879348318b0e33196d3f9b790acae2b651f4623ba11bc927807b5ebbb672e036ed685d1bb8eb42ba3222cf459bb04e084629df7e7a731bf3a6190fc
  languageName: node
  linkType: hard

"@babel/helper-string-parser@npm:^7.24.7":
  version: 7.24.7
  resolution: "@babel/helper-string-parser@npm:7.24.7"
  checksum: 10c0/47840c7004e735f3dc93939c77b099bb41a64bf3dda0cae62f60e6f74a5ff80b63e9b7cf77b5ec25a324516381fc994e1f62f922533236a8e3a6af57decb5e1e
  languageName: node
  linkType: hard

"@babel/helper-validator-identifier@npm:^7.10.4":
  version: 7.10.4
  resolution: "@babel/helper-validator-identifier@npm:7.10.4"
  checksum: 10c0/a381f72f2f714c3c4b5f51f2c406ffcb9a976bb71109d49ceb664e9e60d020fc076cefce883a45cd3c4a36a50e5a80ee3a85d183ce90220309062916adf6aed0
  languageName: node
  linkType: hard

"@babel/helper-validator-identifier@npm:^7.24.7":
  version: 7.24.7
  resolution: "@babel/helper-validator-identifier@npm:7.24.7"
  checksum: 10c0/87ad608694c9477814093ed5b5c080c2e06d44cb1924ae8320474a74415241223cc2a725eea2640dd783ff1e3390e5f95eede978bc540e870053152e58f1d651
  languageName: node
  linkType: hard

"@babel/helpers@npm:^7.10.4":
  version: 7.10.4
  resolution: "@babel/helpers@npm:7.10.4"
  dependencies:
    "@babel/template": "npm:^7.10.4"
    "@babel/traverse": "npm:^7.10.4"
    "@babel/types": "npm:^7.10.4"
  checksum: 10c0/feed4d9db488a10486939ec4afb48aca21be6a45c7cdf753bbb293505e3fe22f780ec04e859a062f5d63d83192dd43627b8bbdb5d64f01251ffa749fff72dfe9
  languageName: node
  linkType: hard

"@babel/highlight@npm:^7.10.4":
  version: 7.10.4
  resolution: "@babel/highlight@npm:7.10.4"
  dependencies:
    "@babel/helper-validator-identifier": "npm:^7.10.4"
    chalk: "npm:^2.0.0"
    js-tokens: "npm:^4.0.0"
  checksum: 10c0/1922bb5bd977b9e9958c8b54e13c01673c932de0d1ccffd9e3b77d4d6db5dfc667d05fddc1575e7fc06e69e224765b292595072dd9ae90b16c3b49b5c1e584b5
  languageName: node
  linkType: hard

"@babel/parser@npm:^7.10.4, @babel/parser@npm:^7.11.5":
  version: 7.11.5
  resolution: "@babel/parser@npm:7.11.5"
  bin:
    parser: ./bin/babel-parser.js
  checksum: 10c0/34063f237594d0d83284915366bc4413b9ab9e0af2693383a2b9a17e05948713528450f0b3ed8c7d4354da50f021aa5889d9ea48b38945f63cf22528c4cb439c
  languageName: node
  linkType: hard

"@babel/runtime@npm:^7.11.2":
  version: 7.11.2
  resolution: "@babel/runtime@npm:7.11.2"
  dependencies:
    regenerator-runtime: "npm:^0.13.4"
  checksum: 10c0/f284240921a3d752ec307de9fd485181bb619bf5ad0f6b7bb91e9b74604796ded1aad9187b607e9a3ae857471cf0069c931a4716121e1c57b1c5c43a914dcb03
  languageName: node
  linkType: hard

"@babel/template@npm:^7.10.4":
  version: 7.10.4
  resolution: "@babel/template@npm:7.10.4"
  dependencies:
    "@babel/code-frame": "npm:^7.10.4"
    "@babel/parser": "npm:^7.10.4"
    "@babel/types": "npm:^7.10.4"
  checksum: 10c0/636b5a7690a3963233342c002fde655e851776de83b5e76dfc6a6d95ea73d955ef284c009a39385d333d77101273ed7b0ac3bbc55f8cc4d33c3c51b580f93352
  languageName: node
  linkType: hard

"@babel/traverse@npm:^7.10.4, @babel/traverse@npm:^7.11.5":
  version: 7.11.5
  resolution: "@babel/traverse@npm:7.11.5"
  dependencies:
    "@babel/code-frame": "npm:^7.10.4"
    "@babel/generator": "npm:^7.11.5"
    "@babel/helper-function-name": "npm:^7.10.4"
    "@babel/helper-split-export-declaration": "npm:^7.11.0"
    "@babel/parser": "npm:^7.11.5"
    "@babel/types": "npm:^7.11.5"
    debug: "npm:^4.1.0"
    globals: "npm:^11.1.0"
    lodash: "npm:^4.17.19"
  checksum: 10c0/8f55a2da72cdebe6e51f853413b25ab65563ca654802706b7c299b092958b65b72d8b05f69758bac8600e1042f2f2c98284e3d457432f6d5bade69831149ba8b
  languageName: node
  linkType: hard

"@babel/types@npm:^7.10.4, @babel/types@npm:^7.11.0, @babel/types@npm:^7.11.5":
  version: 7.11.5
  resolution: "@babel/types@npm:7.11.5"
  dependencies:
    "@babel/helper-validator-identifier": "npm:^7.10.4"
    lodash: "npm:^4.17.19"
    to-fast-properties: "npm:^2.0.0"
  checksum: 10c0/c62e7a56345c57afa5a4f6559c939b3983ca55d40d585554206140ef078b66cafd917047dc59d03bbc4a2a673620d69b212670c1fab082067124622431ed398d
  languageName: node
  linkType: hard

"@babel/types@npm:^7.8.3":
  version: 7.24.7
  resolution: "@babel/types@npm:7.24.7"
  dependencies:
    "@babel/helper-string-parser": "npm:^7.24.7"
    "@babel/helper-validator-identifier": "npm:^7.24.7"
    to-fast-properties: "npm:^2.0.0"
  checksum: 10c0/d9ecbfc3eb2b05fb1e6eeea546836ac30d990f395ef3fe3f75ced777a222c3cfc4489492f72e0ce3d9a5a28860a1ce5f81e66b88cf5088909068b3ff4fab72c1
  languageName: node
  linkType: hard

"@types/d3-path@npm:*":
  version: 3.0.0
  resolution: "@types/d3-path@npm:3.0.0"
  checksum: 10c0/64750aeb3e490112d2f1d812230201140de352743846150e022e44c6924f44d47deb1a50f3dc63b930fd6a8fd6482f8fcb7da2516a14b8e29a4749d2b86f90ca
  languageName: node
  linkType: hard

"@types/d3-scale@npm:^4.0.2":
  version: 4.0.2
  resolution: "@types/d3-scale@npm:4.0.2"
  dependencies:
    "@types/d3-time": "npm:*"
  checksum: 10c0/2c21be0a715f104bbc3cbfe648a7a1f0b1ccfb0ec93aad5df0ba1a342dced0bfa19761f5378a8790e9073bd001df176b814390c555984ce0917744d40e8efd3d
  languageName: node
  linkType: hard

"@types/d3-shape@npm:^3.1.6":
  version: 3.1.6
  resolution: "@types/d3-shape@npm:3.1.6"
  dependencies:
    "@types/d3-path": "npm:*"
  checksum: 10c0/0625715925d3c7ed3d44ce998b42c993f063c31605b6e4a8046c4be0fe724e2d214fc83e86d04f429a30a6e1f439053e92b0d9e59e1180c3a5327b4a6e79fa0a
  languageName: node
  linkType: hard

"@types/d3-time@npm:*":
  version: 3.0.0
  resolution: "@types/d3-time@npm:3.0.0"
  checksum: 10c0/4f900608d5c557b09b38e4b096723af5eb4508a1b32f9afae253fe77a4bcbbe821a14225bab1c2ea36ddbc5c4154ab3563452c6b6eba7a9f48cefad94276e6b5
  languageName: node
  linkType: hard

"ansi-styles@npm:^3.2.1":
  version: 3.2.1
  resolution: "ansi-styles@npm:3.2.1"
  dependencies:
    color-convert: "npm:^1.9.0"
  checksum: 10c0/ece5a8ef069fcc5298f67e3f4771a663129abd174ea2dfa87923a2be2abf6cd367ef72ac87942da00ce85bd1d651d4cd8595aebdb1b385889b89b205860e977b
  languageName: node
  linkType: hard

"chalk@npm:^2.0.0":
  version: 2.4.2
  resolution: "chalk@npm:2.4.2"
  dependencies:
    ansi-styles: "npm:^3.2.1"
    escape-string-regexp: "npm:^1.0.5"
    supports-color: "npm:^5.3.0"
  checksum: 10c0/e6543f02ec877732e3a2d1c3c3323ddb4d39fbab687c23f526e25bd4c6a9bf3b83a696e8c769d078e04e5754921648f7821b2a2acfd16c550435fd630026e073
  languageName: node
  linkType: hard

"color-convert@npm:^1.9.0":
  version: 1.9.3
  resolution: "color-convert@npm:1.9.3"
  dependencies:
    color-name: "npm:1.1.3"
  checksum: 10c0/5ad3c534949a8c68fca8fbc6f09068f435f0ad290ab8b2f76841b9e6af7e0bb57b98cb05b0e19fe33f5d91e5a8611ad457e5f69e0a484caad1f7487fd0e8253c
  languageName: node
  linkType: hard

"color-name@npm:1.1.3":
  version: 1.1.3
  resolution: "color-name@npm:1.1.3"
  checksum: 10c0/566a3d42cca25b9b3cd5528cd7754b8e89c0eb646b7f214e8e2eaddb69994ac5f0557d9c175eb5d8f0ad73531140d9c47525085ee752a91a2ab15ab459caf6d6
  languageName: node
  linkType: hard

"convert-source-map@npm:^1.7.0":
  version: 1.7.0
  resolution: "convert-source-map@npm:1.7.0"
  dependencies:
    safe-buffer: "npm:~5.1.1"
  checksum: 10c0/e58240044fa2ca34943a450c9af1f2c739a053dc91a97543dd73df666b7e28d9687285926081883950fcc7cb409aad7254d05afbbaf4e2e47491bbf9fad8b952
  languageName: node
  linkType: hard

"debug@npm:^4.1.0":
  version: 4.1.1
  resolution: "debug@npm:4.1.1"
  dependencies:
    ms: "npm:^2.1.1"
  checksum: 10c0/399e98c779ba4e71537497f10caf6390646b69330ff8a455427acce04f1ce8d8cd018e1804fdcca772177666fdcd888dd3672bb8f9986c1d785a6c2b9805f370
  languageName: node
  linkType: hard

"escape-string-regexp@npm:^1.0.5":
  version: 1.0.5
  resolution: "escape-string-regexp@npm:1.0.5"
  checksum: 10c0/a968ad453dd0c2724e14a4f20e177aaf32bb384ab41b674a8454afe9a41c5e6fe8903323e0a1052f56289d04bd600f81278edf140b0fcc02f5cac98d0f5b5371
  languageName: node
  linkType: hard

"gensync@npm:^1.0.0-beta.1":
  version: 1.0.0-beta.1
  resolution: "gensync@npm:1.0.0-beta.1"
  checksum: 10c0/11a67dd1a76f6ba8635ed02351e60d41982452defa2e7bfa8b70c57486851057ecebc04c5d88dd459657c36b67cb88d9cd0eebbc7b302a942fb78adb1e539752
  languageName: node
  linkType: hard

"globals@npm:^11.1.0":
  version: 11.12.0
  resolution: "globals@npm:11.12.0"
  checksum: 10c0/758f9f258e7b19226bd8d4af5d3b0dcf7038780fb23d82e6f98932c44e239f884847f1766e8fa9cc5635ccb3204f7fa7314d4408dd4002a5e8ea827b4018f0a1
  languageName: node
  linkType: hard

"has-flag@npm:^3.0.0":
  version: 3.0.0
  resolution: "has-flag@npm:3.0.0"
  checksum: 10c0/1c6c83b14b8b1b3c25b0727b8ba3e3b647f99e9e6e13eb7322107261de07a4c1be56fc0d45678fc376e09772a3a1642ccdaf8fc69bdf123b6c086598397ce473
  languageName: node
  linkType: hard

"js-tokens@npm:^4.0.0":
  version: 4.0.0
  resolution: "js-tokens@npm:4.0.0"
  checksum: 10c0/e248708d377aa058eacf2037b07ded847790e6de892bbad3dac0abba2e759cb9f121b00099a65195616badcb6eca8d14d975cb3e89eb1cfda644756402c8aeed
  languageName: node
  linkType: hard

"jsesc@npm:^2.5.1":
  version: 2.5.2
  resolution: "jsesc@npm:2.5.2"
  bin:
    jsesc: bin/jsesc
  checksum: 10c0/dbf59312e0ebf2b4405ef413ec2b25abb5f8f4d9bc5fb8d9f90381622ebca5f2af6a6aa9a8578f65903f9e33990a6dc798edd0ce5586894bf0e9e31803a1de88
  languageName: node
  linkType: hard

"json5@npm:^2.1.2":
  version: 2.1.3
  resolution: "json5@npm:2.1.3"
  dependencies:
    minimist: "npm:^1.2.5"
  bin:
    json5: lib/cli.js
  checksum: 10c0/9838528f4ecb70b24a55433a3ec14e252541f507350a652eefaf89636d7ba0728384edc265a4534b1390dd9138ecc114855dbebc2e6e97a8d27d6737087a82c1
  languageName: node
  linkType: hard

"lodash@npm:^4.17.19":
  version: 4.17.20
  resolution: "lodash@npm:4.17.20"
  checksum: 10c0/faec37cb9f161b766bdc078a1356a07b9eaaa867796dd2520a407fe0a6a6d7be031e8f228f0cf3d305095703ee40258616c870b8d17dcdcb16f745bf31e8c3c2
  languageName: node
  linkType: hard

"minimist@npm:^1.2.5":
  version: 1.2.5
  resolution: "minimist@npm:1.2.5"
  checksum: 10c0/c143b0c199af4df7a55c7a37b6465cdd438acdc6a3a345ba0fe9d94dfcc2042263f650879bc73be607c843deeaeaadf39c864e55bc6d80b36a025eca1a062ee7
  languageName: node
  linkType: hard

"ms@npm:^2.1.1":
  version: 2.1.2
  resolution: "ms@npm:2.1.2"
  checksum: 10c0/a437714e2f90dbf881b5191d35a6db792efbca5badf112f87b9e1c712aace4b4b9b742dd6537f3edf90fd6f684de897cec230abde57e87883766712ddda297cc
  languageName: node
  linkType: hard

"path-parse@npm:^1.0.6":
  version: 1.0.6
  resolution: "path-parse@npm:1.0.6"
  checksum: 10c0/07a3f911553aec62bee46f3d205fe15b3736505f65cfef2833dd6921a1e586c1e7f6cc8e3cc61e9b8b1b51360e6b96467da08b29e6aeb82b683878a955c85610
  languageName: node
  linkType: hard

"react-native-animated-charts@workspace:.":
  version: 0.0.0-use.local
  resolution: "react-native-animated-charts@workspace:."
  dependencies:
    "@babel/core": "npm:^7.11.4"
    "@babel/runtime": "npm:^7.11.2"
    "@types/d3-scale": "npm:^4.0.2"
    "@types/d3-shape": "npm:^3.1.6"
  peerDependencies:
    d3-scale: ^4.0.2
    d3-shape: ^3.2.0
    react: "*"
    react-native: "*"
    react-native-gesture-handler: ^1.7.0
    react-native-haptic-feedback: ^1.11.0
    react-native-reanimated: ^3.0.0
    react-native-redash: ^16.3.0
    react-native-svg: ^13.9.0
  languageName: unknown
  linkType: soft

"regenerator-runtime@npm:^0.13.4":
  version: 0.13.7
  resolution: "regenerator-runtime@npm:0.13.7"
  checksum: 10c0/4731a13643ced51020fcb20eaf77ff7b50aa11e5e53d8bf0affccb8c2beb9ce7f881059b961be4e1df959eb396e8c2daed2ecf6e8409b235fbc234e6c63784d0
  languageName: node
  linkType: hard

"resolve@npm:^1.3.2":
  version: 1.17.0
  resolution: "resolve@npm:1.17.0"
  dependencies:
    path-parse: "npm:^1.0.6"
  checksum: 10c0/4e6c76cc1a7b08bff637b092ce035d7901465067915605bc5a23ac0c10fe42ec205fc209d5d5f7a5f27f37ce71d687def7f656bbb003631cd46a8374f55ec73d
  languageName: node
  linkType: hard

"resolve@patch:resolve@npm%3A^1.3.2#optional!builtin<compat/resolve>":
  version: 1.17.0
  resolution: "resolve@patch:resolve@npm%3A1.17.0#optional!builtin<compat/resolve>::version=1.17.0&hash=c3c19d"
  dependencies:
    path-parse: "npm:^1.0.6"
  checksum: 10c0/e072e52be3c3dbfd086761115db4a5136753e7aefc0e665e66e7307ddcd9d6b740274516055c74aee44921625e95993f03570450aa310b8d73b1c9daa056c4cd
  languageName: node
  linkType: hard

"safe-buffer@npm:~5.1.1":
  version: 5.1.2
  resolution: "safe-buffer@npm:5.1.2"
  checksum: 10c0/780ba6b5d99cc9a40f7b951d47152297d0e260f0df01472a1b99d4889679a4b94a13d644f7dbc4f022572f09ae9005fa2fbb93bbbd83643316f365a3e9a45b21
  languageName: node
  linkType: hard

"semver@npm:^5.4.1":
  version: 5.7.1
  resolution: "semver@npm:5.7.1"
  bin:
    semver: ./bin/semver
  checksum: 10c0/d4884f2aeca28bff35d0bd40ff0a9b2dfc4b36a883bf0ea5dc15d10d9a01bdc9041035b05f825d4b5ac8a56e490703dbf0d986d054de82cc5e9bad3f02ca6e00
  languageName: node
  linkType: hard

"source-map@npm:^0.5.0":
  version: 0.5.7
  resolution: "source-map@npm:0.5.7"
  checksum: 10c0/904e767bb9c494929be013017380cbba013637da1b28e5943b566031e29df04fba57edf3f093e0914be094648b577372bd8ad247fa98cfba9c600794cd16b599
  languageName: node
  linkType: hard

"supports-color@npm:^5.3.0":
  version: 5.5.0
  resolution: "supports-color@npm:5.5.0"
  dependencies:
    has-flag: "npm:^3.0.0"
  checksum: 10c0/6ae5ff319bfbb021f8a86da8ea1f8db52fac8bd4d499492e30ec17095b58af11f0c55f8577390a749b1c4dde691b6a0315dab78f5f54c9b3d83f8fb5905c1c05
  languageName: node
  linkType: hard

"to-fast-properties@npm:^2.0.0":
  version: 2.0.0
  resolution: "to-fast-properties@npm:2.0.0"
  checksum: 10c0/b214d21dbfb4bce3452b6244b336806ffea9c05297148d32ebb428d5c43ce7545bdfc65a1ceb58c9ef4376a65c0cb2854d645f33961658b3e3b4f84910ddcdd7
  languageName: node
  linkType: hard
